Microsoft Visual Studio Solution File, Format Version 12.00
# Visual Studio 14
VisualStudioVersion = 14.0.25420.1
MinimumVisualStudioVersion = 10.0.40219.1
Project("{2150E333-8FDC-42A3-9474-1A3956D46DE8}") = "utils", "utils", "{89F6A7EE-3BBE-45D3-A8A8-5D9366CD987B}"
EndProject
Project("{8BC9CEB8-8B4A-11D0-8D11-00A0C91BC942}") = "XR_3DA", "xr_3da\XR_3DA.vcxproj", "{2578C6D8-660D-48AE-9322-7422F8664F06}"
	ProjectSection(ProjectDependencies) = postProject
		{653F3841-3F26-49B9-AFCF-091DB4B67031} = {653F3841-3F26-49B9-AFCF-091DB4B67031}
	EndProjectSection
EndProject
Project("{8BC9CEB8-8B4A-11D0-8D11-00A0C91BC942}") = "xrCPU_Pipe", "xr_3da\xrCPU_Pipe\xrCPU_Pipe.vcxproj", "{CA0649DD-D089-423A-981C-46B57A884EB9}"
EndProject
Project("{8BC9CEB8-8B4A-11D0-8D11-00A0C91BC942}") = "xrSound", "xrSound\xrSound.vcxproj", "{CCCA7859-EB86-493E-9B53-C4235F45B3C5}"
	ProjectSection(ProjectDependencies) = postProject
		{3A214E06-B95E-4D61-A291-1F8DF2EC10FD} = {3A214E06-B95E-4D61-A291-1F8DF2EC10FD}
		{BE4B091F-B59B-4C98-88B5-CD15A1E6CBAB} = {BE4B091F-B59B-4C98-88B5-CD15A1E6CBAB}
		{CEBDE98B-A6AA-46E6-BC79-FAAF823DB9EC} = {CEBDE98B-A6AA-46E6-BC79-FAAF823DB9EC}
		{15CBFEFF-7965-41F5-B4E2-21E8795C9159} = {15CBFEFF-7965-41F5-B4E2-21E8795C9159}
	EndProjectSection
EndProject
Project("{8BC9CEB8-8B4A-11D0-8D11-00A0C91BC942}") = "xrCore", "xrCore\xrCore.vcxproj", "{A0F7D1FB-59A7-4717-A7E4-96F37E91998E}"
EndProject
Project("{8BC9CEB8-8B4A-11D0-8D11-00A0C91BC942}") = "xrCDB", "xrCDB\xrCDB.vcxproj", "{A19B1DF2-82EC-4364-8BDF-85D13A1C89B5}"
EndProject
Project("{8BC9CEB8-8B4A-11D0-8D11-00A0C91BC942}") = "xrRender_R1", "xr_3da\xrRender_R1\xrRender_R1.vcxproj", "{57A498C9-A741-4DDF-8EFC-BFB9EB6B00E2}"
EndProject
Project("{8BC9CEB8-8B4A-11D0-8D11-00A0C91BC942}") = "xrRender_R2", "xr_3da\xrRender_R2\xrRender_R2.vcxproj", "{963BA4E5-499A-454D-B002-1D5ECE0527A6}"
EndProject
Project("{8BC9CEB8-8B4A-11D0-8D11-00A0C91BC942}") = "xrXMLParser", "xrXMLParser\xrXMLParser.vcxproj", "{94A1C366-3D19-48E6-8170-4ADC2E70DF98}"
EndProject
Project("{8BC9CEB8-8B4A-11D0-8D11-00A0C91BC942}") = "ode", "xrODE\contrib\msvc7\ode_default\default.vcxproj", "{1BF75FEB-87DD-486C-880B-227987D191C2}"
EndProject
Project("{8BC9CEB8-8B4A-11D0-8D11-00A0C91BC942}") = "xrParticles", "xrParticles\xrParticles.vcxproj", "{94A1C366-3D19-48E6-8170-4ADC2E70DF97}"
EndProject
Project("{8BC9CEB8-8B4A-11D0-8D11-00A0C91BC942}") = "xrNetServer", "xrNetServer\xrNetServer.vcxproj", "{435BAC9A-B225-457D-AB40-C9BD0CC8838C}"
EndProject
Project("{8BC9CEB8-8B4A-11D0-8D11-00A0C91BC942}") = "xrSE_Factory", "xrSE_Factory\xrSE_Factory.vcxproj", "{3AD26FD3-4F52-4E22-A4CF-AD4C49E74C61}"
EndProject
Project("{8BC9CEB8-8B4A-11D0-8D11-00A0C91BC942}") = "xrCompress", "xrCompress\xrCompress.vcxproj", "{EF76867B-6EB8-4DC0-A1D6-E964FAD6FC7B}"
EndProject
Project("{8BC9CEB8-8B4A-11D0-8D11-00A0C91BC942}") = "DXT", "xrDXT\DXT.vcxproj", "{EBF9B543-0830-4866-9B48-DC0740E87E8A}"
	ProjectSection(ProjectDependencies) = postProject
		{1AEB7681-57D8-48EE-813D-5C41CC38B647} = {1AEB7681-57D8-48EE-813D-5C41CC38B647}
	EndProjectSection
EndProject
Project("{8BC9CEB8-8B4A-11D0-8D11-00A0C91BC942}") = "xrLC", "xrLC\xrLC.vcxproj", "{A4ABD75E-825B-4D09-B3B2-2709682E40C8}"
	ProjectSection(ProjectDependencies) = postProject
		{08F2A75F-9374-4112-89A5-334F9D9F0332} = {08F2A75F-9374-4112-89A5-334F9D9F0332}
		{B39ED2B3-D53A-4077-B957-930979A3577D} = {B39ED2B3-D53A-4077-B957-930979A3577D}
	EndProjectSection
EndProject
Project("{8BC9CEB8-8B4A-11D0-8D11-00A0C91BC942}") = "xrQSlim", "xrQSlim\xrQSlim.vcxproj", "{F1836CE2-59EF-4189-8B9C-D103A511CB27}"
EndProject
Project("{8BC9CEB8-8B4A-11D0-8D11-00A0C91BC942}") = "xrDO_Light", "xrLC\xrDO_Light\xrDO_Light.vcxproj", "{B730F54D-1199-481A-AAD0-5DB684E067C0}"
	ProjectSection(ProjectDependencies) = postProject
		{B39ED2B3-D53A-4077-B957-930979A3577D} = {B39ED2B3-D53A-4077-B957-930979A3577D}
	EndProjectSection
EndProject
Project("{8BC9CEB8-8B4A-11D0-8D11-00A0C91BC942}") = "xrAI", "xrAI\xrAI.vcxproj", "{EA5932F3-02FE-4AD3-89E8-7072DC465D25}"
EndProject
Project("{8BC9CEB8-8B4A-11D0-8D11-00A0C91BC942}") = "ETools", "ETools\ETools.vcxproj", "{65CBB9D0-FBC6-41A4-8316-F5E9B5D7FB33}"
	ProjectSection(ProjectDependencies) = postProject
		{3A214E06-B95E-4D61-A291-1F8DF2EC10FD} = {3A214E06-B95E-4D61-A291-1F8DF2EC10FD}
		{CEBDE98B-A6AA-46E6-BC79-FAAF823DB9EC} = {CEBDE98B-A6AA-46E6-BC79-FAAF823DB9EC}
		{15CBFEFF-7965-41F5-B4E2-21E8795C9159} = {15CBFEFF-7965-41F5-B4E2-21E8795C9159}
	EndProjectSection
EndProject
Project("{8BC9CEB8-8B4A-11D0-8D11-00A0C91BC942}") = "Stalker_net", "xr_3da\Stalker_Net\Stalker_net.vcxproj", "{AF9ACB0D-451A-4878-A04C-0B9E221CC705}"
EndProject
Project("{8BC9CEB8-8B4A-11D0-8D11-00A0C91BC942}") = "xrStatisticConvert", "xr_3da\xrStatisticConvert\xrStatisticConvert.vcxproj", "{2EA2CBBA-16BD-4B97-80B3-3F824CFBD4F1}"
EndProject
Project("{8BC9CEB8-8B4A-11D0-8D11-00A0C91BC942}") = "xrLua", "xrLua\xrLua.vcxproj", "{9ACE5473-6D68-4B96-AC42-B39EABA0FE1F}"
EndProject
Project("{8BC9CEB8-8B4A-11D0-8D11-00A0C91BC942}") = "openal32", "xrOpenAL\OpenAL-Windows\Router\Router.vcxproj", "{566551F4-4EF1-4CB4-A131-F982E7606907}"
EndProject
Project("{8BC9CEB8-8B4A-11D0-8D11-00A0C91BC942}") = "xrCoreStatic", "xrCore\xrCoreStatic.vcxproj", "{F1066EAC-EE25-4C7A-9023-5957A6F7BA27}"
EndProject
Project("{8BC9CEB8-8B4A-11D0-8D11-00A0C91BC942}") = "LWO", "LWO\LWO.vcxproj", "{A6EBBBBB-5FEF-4C20-8460-DFAB11734DED}"
EndProject
Project("{2150E333-8FDC-42A3-9474-1A3956D46DE8}") = "components", "components", "{8916C6C5-3414-4019-B405-D5A71C67F99A}"
EndProject
Project("{8BC9CEB8-8B4A-11D0-8D11-00A0C91BC942}") = "libvorbis_static", "components\libvorbis\win32\VS2010\libvorbis\libvorbis_static.vcxproj", "{3A214E06-B95E-4D61-A291-1F8DF2EC10FD}"
EndProject
Project("{8BC9CEB8-8B4A-11D0-8D11-00A0C91BC942}") = "libvorbisfile_static", "components\libvorbis\win32\VS2010\libvorbisfile\libvorbisfile_static.vcxproj", "{CEBDE98B-A6AA-46E6-BC79-FAAF823DB9EC}"
EndProject
Project("{8BC9CEB8-8B4A-11D0-8D11-00A0C91BC942}") = "libogg_static", "components\libogg\win32\VS2010\libogg_static.vcxproj", "{15CBFEFF-7965-41F5-B4E2-21E8795C9159}"
EndProject
Project("{8BC9CEB8-8B4A-11D0-8D11-00A0C91BC942}") = "eax", "components\eax\eax.vs2013.vcxproj", "{BE4B091F-B59B-4C98-88B5-CD15A1E6CBAB}"
EndProject
Project("{8BC9CEB8-8B4A-11D0-8D11-00A0C91BC942}") = "libtheora_static", "components\libtheora\win32\VS2010\libtheora_static.vcxproj", "{653F3841-3F26-49B9-AFCF-091DB4B67031}"
EndProject
Project("{8BC9CEB8-8B4A-11D0-8D11-00A0C91BC942}") = "nvtt", "components\nvtt\project\vc12\nvtt\nvtt.vcxproj", "{1AEB7681-57D8-48EE-813D-5C41CC38B647}"
EndProject
Project("{2150E333-8FDC-42A3-9474-1A3956D46DE8}") = "nvtt", "nvtt", "{3220DE98-B20C-46F6-8196-D0900D9D9239}"
EndProject
Project("{8BC9CEB8-8B4A-11D0-8D11-00A0C91BC942}") = "bc6h", "components\nvtt\project\vc12\bc6h\bc6h.vcxproj", "{C33787E3-5564-4834-9FE3-A9020455A669}"
EndProject
Project("{8BC9CEB8-8B4A-11D0-8D11-00A0C91BC942}") = "bc7", "components\nvtt\project\vc12\bc7\bc7.vcxproj", "{F974F34B-AF02-4C88-8E1E-85475094EA78}"
EndProject
Project("{8BC9CEB8-8B4A-11D0-8D11-00A0C91BC942}") = "nvcore", "components\nvtt\project\vc12\nvcore\nvcore.vcxproj", "{F143D180-D4C4-4037-B3DE-BE89A21C8D1D}"
EndProject
Project("{8BC9CEB8-8B4A-11D0-8D11-00A0C91BC942}") = "nvimage", "components\nvtt\project\vc12\nvimage\nvimage.vcxproj", "{4046F392-A18B-4C66-9639-3EABFFF5D531}"
EndProject
Project("{8BC9CEB8-8B4A-11D0-8D11-00A0C91BC942}") = "nvmath", "components\nvtt\project\vc12\nvmath\nvmath.vcxproj", "{50C465FE-B308-42BC-894D-89484482AF06}"
EndProject
Project("{8BC9CEB8-8B4A-11D0-8D11-00A0C91BC942}") = "nvthread", "components\nvtt\project\vc12\nvthread\nvthread.vcxproj", "{4CFD4876-A026-46C2-AFCF-FB11346E815D}"
EndProject
Project("{8BC9CEB8-8B4A-11D0-8D11-00A0C91BC942}") = "squish", "components\nvtt\project\vc12\squish\squish.vcxproj", "{CE017322-01FC-4851-9C8B-64E9A8E26C38}"
EndProject
Project("{2150E333-8FDC-42A3-9474-1A3956D46DE8}") = "FreeImage", "FreeImage", "{FA812953-2D23-47A3-AEFE-CB0E786692ED}"
EndProject
Project("{8BC9CEB8-8B4A-11D0-8D11-00A0C91BC942}") = "FreeImage", "components\FreeImage\FreeImage.vcxproj", "{B39ED2B3-D53A-4077-B957-930979A3577D}"
	ProjectSection(ProjectDependencies) = postProject
		{E3536C28-A7F1-4B53-8E52-7D2232F9E098} = {E3536C28-A7F1-4B53-8E52-7D2232F9E098}
		{17A4874B-0606-4687-90B6-F91F8CB3B8AF} = {17A4874B-0606-4687-90B6-F91F8CB3B8AF}
		{7DB10B50-CE00-4D7A-B322-6824F05D2FCB} = {7DB10B50-CE00-4D7A-B322-6824F05D2FCB}
		{5E1D4E5F-E10C-4BA3-B663-F33014FD21D9} = {5E1D4E5F-E10C-4BA3-B663-F33014FD21D9}
		{33134F61-C1AD-4B6F-9CEA-503A9F140C52} = {33134F61-C1AD-4B6F-9CEA-503A9F140C52}
		{097D9F6C-FD0E-4CBC-9676-009012AAECA8} = {097D9F6C-FD0E-4CBC-9676-009012AAECA8}
		{EC085CBD-E9C3-477F-9A97-CB9D5DA30E27} = {EC085CBD-E9C3-477F-9A97-CB9D5DA30E27}
		{07F662C1-1323-42AB-B6AF-FBFD34A7437A} = {07F662C1-1323-42AB-B6AF-FBFD34A7437A}
		{244455E0-5F25-4451-9540-F317883E52A8} = {244455E0-5F25-4451-9540-F317883E52A8}
	EndProjectSection
EndProject
Project("{8BC9CEB8-8B4A-11D0-8D11-00A0C91BC942}") = "OpenEXR", "components\FreeImage\Source\OpenEXR\OpenEXR.vcxproj", "{17A4874B-0606-4687-90B6-F91F8CB3B8AF}"
EndProject
Project("{8BC9CEB8-8B4A-11D0-8D11-00A0C91BC942}") = "LibRaw", "components\FreeImage\Source\LibRawLite\LibRawLite.2008.vcxproj", "{07F662C1-1323-42AB-B6AF-FBFD34A7437A}"
EndProject
Project("{8BC9CEB8-8B4A-11D0-8D11-00A0C91BC942}") = "LibOpenJPEG", "components\FreeImage\Source\LibOpenJPEG\LibOpenJPEG.2010.vcxproj", "{E3536C28-A7F1-4B53-8E52-7D2232F9E098}"
EndProject
Project("{8BC9CEB8-8B4A-11D0-8D11-00A0C91BC942}") = "LibJPEG", "components\FreeImage\Source\LibJPEG\LibJPEG.2008.vcxproj", "{5E1D4E5F-E10C-4BA3-B663-F33014FD21D9}"
EndProject
Project("{8BC9CEB8-8B4A-11D0-8D11-00A0C91BC942}") = "LibJXR", "components\FreeImage\Source\LibJXR\LibJXR.2008.vcxproj", "{244455E0-5F25-4451-9540-F317883E52A8}"
EndProject
Project("{8BC9CEB8-8B4A-11D0-8D11-00A0C91BC942}") = "LibPNG", "components\FreeImage\Source\LibPNG\LibPNG.2008.vcxproj", "{7DB10B50-CE00-4D7A-B322-6824F05D2FCB}"
EndProject
Project("{8BC9CEB8-8B4A-11D0-8D11-00A0C91BC942}") = "LibWebP", "components\FreeImage\Source\LibWebP\LibWebP.2008.vcxproj", "{097D9F6C-FD0E-4CBC-9676-009012AAECA8}"
EndProject
Project("{8BC9CEB8-8B4A-11D0-8D11-00A0C91BC942}") = "LibTIFF4", "components\FreeImage\Source\LibTIFF4\LibTIFF4.2008.vcxproj", "{EC085CBD-E9C3-477F-9A97-CB9D5DA30E27}"
EndProject
Project("{8BC9CEB8-8B4A-11D0-8D11-00A0C91BC942}") = "ZLib", "components\FreeImage\Source\ZLib\ZLib.2008.vcxproj", "{33134F61-C1AD-4B6F-9CEA-503A9F140C52}"
EndProject
Project("{8BC9CEB8-8B4A-11D0-8D11-00A0C91BC942}") = "MagicFM", "components\MagicFm\Source\MagicFMDLL.vcxproj", "{08F2A75F-9374-4112-89A5-334F9D9F0332}"
EndProject
Project("{8BC9CEB8-8B4A-11D0-8D11-00A0C91BC942}") = "xrConverter", "xrConverter\bld-vs2008\xrConverter.vcxproj", "{251A6DE4-30F3-43A4-8315-AB4E306BD58D}"
EndProject
Project("{8BC9CEB8-8B4A-11D0-8D11-00A0C91BC942}") = "nvtt_static", "components\nvtt_static\project\nvtt_static.vcxproj", "{938E23B7-2436-4ECC-B960-6894655447F1}"
EndProject
Project("{8BC9CEB8-8B4A-11D0-8D11-00A0C91BC942}") = "xrD3D9-Null", "xrD3D9-Null\xrD3D9-Null.vcxproj", "{0899B131-F1D4-4876-9BA1-67AC821DB9E1}"
EndProject
Project("{8BC9CEB8-8B4A-11D0-8D11-00A0C91BC942}") = "xrGameSpy", "xrGameSpy\xrGameSpy.vcxproj", "{5535F6B4-7AE6-4B66-8AEA-CC31C14D7AB7}"
EndProject
Project("{8BC9CEB8-8B4A-11D0-8D11-00A0C91BC942}") = "xrGame", "xrGame\xrGame.vcxproj", "{200652A6-043E-4634-8837-87983B3BD5E0}"
EndProject
Global
	GlobalSection(SolutionConfigurationPlatforms) = preSolution
		Debug|Win32 = Debug|Win32
		Debug|x64 = Debug|x64
		Release_Dedicated|Win32 = Release_Dedicated|Win32
		Release_Dedicated|x64 = Release_Dedicated|x64
		Release|Win32 = Release|Win32
		Release|x64 = Release|x64
		tsmp_client|Win32 = tsmp_client|Win32
		tsmp_client|x64 = tsmp_client|x64
		tsmp_tools|Win32 = tsmp_tools|Win32
		tsmp_tools|x64 = tsmp_tools|x64
	EndGlobalSection
	GlobalSection(ProjectConfigurationPlatforms) = postSolution
		{2578C6D8-660D-48AE-9322-7422F8664F06}.Debug|Win32.ActiveCfg = Debug|Win32
		{2578C6D8-660D-48AE-9322-7422F8664F06}.Debug|Win32.Build.0 = Debug|Win32
		{2578C6D8-660D-48AE-9322-7422F8664F06}.Debug|x64.ActiveCfg = Debug|x64
		{2578C6D8-660D-48AE-9322-7422F8664F06}.Debug|x64.Build.0 = Debug|x64
		{2578C6D8-660D-48AE-9322-7422F8664F06}.Release_Dedicated|Win32.ActiveCfg = Release_Dedicated|Win32
		{2578C6D8-660D-48AE-9322-7422F8664F06}.Release_Dedicated|Win32.Build.0 = Release_Dedicated|Win32
		{2578C6D8-660D-48AE-9322-7422F8664F06}.Release_Dedicated|x64.ActiveCfg = Release_Dedicated|x64
		{2578C6D8-660D-48AE-9322-7422F8664F06}.Release_Dedicated|x64.Build.0 = Release_Dedicated|x64
		{2578C6D8-660D-48AE-9322-7422F8664F06}.Release|Win32.ActiveCfg = Release|Win32
		{2578C6D8-660D-48AE-9322-7422F8664F06}.Release|Win32.Build.0 = Release|Win32
		{2578C6D8-660D-48AE-9322-7422F8664F06}.Release|x64.ActiveCfg = Release|x64
		{2578C6D8-660D-48AE-9322-7422F8664F06}.Release|x64.Build.0 = Release|x64
		{2578C6D8-660D-48AE-9322-7422F8664F06}.tsmp_client|Win32.ActiveCfg = tsmp_client|Win32
		{2578C6D8-660D-48AE-9322-7422F8664F06}.tsmp_client|Win32.Build.0 = tsmp_client|Win32
		{2578C6D8-660D-48AE-9322-7422F8664F06}.tsmp_client|x64.ActiveCfg = tsmp_client|x64
		{2578C6D8-660D-48AE-9322-7422F8664F06}.tsmp_client|x64.Build.0 = tsmp_client|x64
		{2578C6D8-660D-48AE-9322-7422F8664F06}.tsmp_tools|Win32.ActiveCfg = tools|Win32
		{2578C6D8-660D-48AE-9322-7422F8664F06}.tsmp_tools|x64.ActiveCfg = tools|x64
		{2578C6D8-660D-48AE-9322-7422F8664F06}.tsmp_tools|x64.Build.0 = tools|x64
		{CA0649DD-D089-423A-981C-46B57A884EB9}.Debug|Win32.ActiveCfg = Debug|Win32
		{CA0649DD-D089-423A-981C-46B57A884EB9}.Debug|Win32.Build.0 = Debug|Win32
		{CA0649DD-D089-423A-981C-46B57A884EB9}.Debug|x64.ActiveCfg = Debug|x64
		{CA0649DD-D089-423A-981C-46B57A884EB9}.Debug|x64.Build.0 = Debug|x64
		{CA0649DD-D089-423A-981C-46B57A884EB9}.Release_Dedicated|Win32.ActiveCfg = Release|Win32
		{CA0649DD-D089-423A-981C-46B57A884EB9}.Release_Dedicated|x64.ActiveCfg = Release|Win32
		{CA0649DD-D089-423A-981C-46B57A884EB9}.Release|Win32.ActiveCfg = Release|Win32
		{CA0649DD-D089-423A-981C-46B57A884EB9}.Release|Win32.Build.0 = Release|Win32
		{CA0649DD-D089-423A-981C-46B57A884EB9}.Release|x64.ActiveCfg = Release|x64
		{CA0649DD-D089-423A-981C-46B57A884EB9}.Release|x64.Build.0 = Release|x64
		{CA0649DD-D089-423A-981C-46B57A884EB9}.tsmp_client|Win32.ActiveCfg = tsmp_client|Win32
		{CA0649DD-D089-423A-981C-46B57A884EB9}.tsmp_client|Win32.Build.0 = tsmp_client|Win32
		{CA0649DD-D089-423A-981C-46B57A884EB9}.tsmp_client|x64.ActiveCfg = tsmp_client|x64
		{CA0649DD-D089-423A-981C-46B57A884EB9}.tsmp_client|x64.Build.0 = tsmp_client|x64
		{CA0649DD-D089-423A-981C-46B57A884EB9}.tsmp_tools|Win32.ActiveCfg = tools|Win32
		{CA0649DD-D089-423A-981C-46B57A884EB9}.tsmp_tools|x64.ActiveCfg = tools|x64
		{CA0649DD-D089-423A-981C-46B57A884EB9}.tsmp_tools|x64.Build.0 = tools|x64
		{CCCA7859-EB86-493E-9B53-C4235F45B3C5}.Debug|Win32.ActiveCfg = Debug|Win32
		{CCCA7859-EB86-493E-9B53-C4235F45B3C5}.Debug|Win32.Build.0 = Debug|Win32
		{CCCA7859-EB86-493E-9B53-C4235F45B3C5}.Debug|x64.ActiveCfg = Debug|x64
		{CCCA7859-EB86-493E-9B53-C4235F45B3C5}.Debug|x64.Build.0 = Debug|x64
		{CCCA7859-EB86-493E-9B53-C4235F45B3C5}.Release_Dedicated|Win32.ActiveCfg = Release|Win32
		{CCCA7859-EB86-493E-9B53-C4235F45B3C5}.Release_Dedicated|x64.ActiveCfg = Release|x64
		{CCCA7859-EB86-493E-9B53-C4235F45B3C5}.Release|Win32.ActiveCfg = Release|Win32
		{CCCA7859-EB86-493E-9B53-C4235F45B3C5}.Release|Win32.Build.0 = Release|Win32
		{CCCA7859-EB86-493E-9B53-C4235F45B3C5}.Release|x64.ActiveCfg = Release|x64
		{CCCA7859-EB86-493E-9B53-C4235F45B3C5}.Release|x64.Build.0 = Release|x64
		{CCCA7859-EB86-493E-9B53-C4235F45B3C5}.tsmp_client|Win32.ActiveCfg = tsmp_client|Win32
		{CCCA7859-EB86-493E-9B53-C4235F45B3C5}.tsmp_client|Win32.Build.0 = tsmp_client|Win32
		{CCCA7859-EB86-493E-9B53-C4235F45B3C5}.tsmp_client|x64.ActiveCfg = tsmp_client|x64
		{CCCA7859-EB86-493E-9B53-C4235F45B3C5}.tsmp_client|x64.Build.0 = tsmp_client|x64
		{CCCA7859-EB86-493E-9B53-C4235F45B3C5}.tsmp_tools|Win32.ActiveCfg = tools|Win32
		{CCCA7859-EB86-493E-9B53-C4235F45B3C5}.tsmp_tools|x64.ActiveCfg = tools|x64
		{CCCA7859-EB86-493E-9B53-C4235F45B3C5}.tsmp_tools|x64.Build.0 = tools|x64
		{A0F7D1FB-59A7-4717-A7E4-96F37E91998E}.Debug|Win32.ActiveCfg = Debug|Win32
		{A0F7D1FB-59A7-4717-A7E4-96F37E91998E}.Debug|Win32.Build.0 = Debug|Win32
		{A0F7D1FB-59A7-4717-A7E4-96F37E91998E}.Debug|x64.ActiveCfg = Debug|x64
		{A0F7D1FB-59A7-4717-A7E4-96F37E91998E}.Debug|x64.Build.0 = Debug|x64
		{A0F7D1FB-59A7-4717-A7E4-96F37E91998E}.Release_Dedicated|Win32.ActiveCfg = Release|Win32
		{A0F7D1FB-59A7-4717-A7E4-96F37E91998E}.Release_Dedicated|x64.ActiveCfg = Release|x64
		{A0F7D1FB-59A7-4717-A7E4-96F37E91998E}.Release|Win32.ActiveCfg = Release|Win32
		{A0F7D1FB-59A7-4717-A7E4-96F37E91998E}.Release|Win32.Build.0 = Release|Win32
		{A0F7D1FB-59A7-4717-A7E4-96F37E91998E}.Release|x64.ActiveCfg = Release|x64
		{A0F7D1FB-59A7-4717-A7E4-96F37E91998E}.Release|x64.Build.0 = Release|x64
		{A0F7D1FB-59A7-4717-A7E4-96F37E91998E}.tsmp_client|Win32.ActiveCfg = tsmp_client|Win32
		{A0F7D1FB-59A7-4717-A7E4-96F37E91998E}.tsmp_client|Win32.Build.0 = tsmp_client|Win32
		{A0F7D1FB-59A7-4717-A7E4-96F37E91998E}.tsmp_client|x64.ActiveCfg = tsmp_client|x64
		{A0F7D1FB-59A7-4717-A7E4-96F37E91998E}.tsmp_client|x64.Build.0 = tsmp_client|x64
		{A0F7D1FB-59A7-4717-A7E4-96F37E91998E}.tsmp_tools|Win32.ActiveCfg = tools|Win32
		{A0F7D1FB-59A7-4717-A7E4-96F37E91998E}.tsmp_tools|Win32.Build.0 = tools|Win32
		{A0F7D1FB-59A7-4717-A7E4-96F37E91998E}.tsmp_tools|x64.ActiveCfg = tools|x64
		{A0F7D1FB-59A7-4717-A7E4-96F37E91998E}.tsmp_tools|x64.Build.0 = tools|x64
		{A19B1DF2-82EC-4364-8BDF-85D13A1C89B5}.Debug|Win32.ActiveCfg = Debug|Win32
		{A19B1DF2-82EC-4364-8BDF-85D13A1C89B5}.Debug|Win32.Build.0 = Debug|Win32
		{A19B1DF2-82EC-4364-8BDF-85D13A1C89B5}.Debug|x64.ActiveCfg = Debug|x64
		{A19B1DF2-82EC-4364-8BDF-85D13A1C89B5}.Debug|x64.Build.0 = Debug|x64
		{A19B1DF2-82EC-4364-8BDF-85D13A1C89B5}.Release_Dedicated|Win32.ActiveCfg = Release|Win32
		{A19B1DF2-82EC-4364-8BDF-85D13A1C89B5}.Release_Dedicated|x64.ActiveCfg = Release|x64
		{A19B1DF2-82EC-4364-8BDF-85D13A1C89B5}.Release|Win32.ActiveCfg = Release|Win32
		{A19B1DF2-82EC-4364-8BDF-85D13A1C89B5}.Release|Win32.Build.0 = Release|Win32
		{A19B1DF2-82EC-4364-8BDF-85D13A1C89B5}.Release|x64.ActiveCfg = Release|x64
		{A19B1DF2-82EC-4364-8BDF-85D13A1C89B5}.Release|x64.Build.0 = Release|x64
		{A19B1DF2-82EC-4364-8BDF-85D13A1C89B5}.tsmp_client|Win32.ActiveCfg = tsmp_client|Win32
		{A19B1DF2-82EC-4364-8BDF-85D13A1C89B5}.tsmp_client|Win32.Build.0 = tsmp_client|Win32
		{A19B1DF2-82EC-4364-8BDF-85D13A1C89B5}.tsmp_client|x64.ActiveCfg = tsmp_client|x64
		{A19B1DF2-82EC-4364-8BDF-85D13A1C89B5}.tsmp_client|x64.Build.0 = tsmp_client|x64
		{A19B1DF2-82EC-4364-8BDF-85D13A1C89B5}.tsmp_tools|Win32.ActiveCfg = tools|Win32
		{A19B1DF2-82EC-4364-8BDF-85D13A1C89B5}.tsmp_tools|Win32.Build.0 = tools|Win32
		{A19B1DF2-82EC-4364-8BDF-85D13A1C89B5}.tsmp_tools|x64.ActiveCfg = tools|x64
		{A19B1DF2-82EC-4364-8BDF-85D13A1C89B5}.tsmp_tools|x64.Build.0 = tools|x64
		{57A498C9-A741-4DDF-8EFC-BFB9EB6B00E2}.Debug|Win32.ActiveCfg = Debug|Win32
		{57A498C9-A741-4DDF-8EFC-BFB9EB6B00E2}.Debug|Win32.Build.0 = Debug|Win32
		{57A498C9-A741-4DDF-8EFC-BFB9EB6B00E2}.Debug|x64.ActiveCfg = Debug|x64
		{57A498C9-A741-4DDF-8EFC-BFB9EB6B00E2}.Debug|x64.Build.0 = Debug|x64
		{57A498C9-A741-4DDF-8EFC-BFB9EB6B00E2}.Release_Dedicated|Win32.ActiveCfg = Release|Win32
		{57A498C9-A741-4DDF-8EFC-BFB9EB6B00E2}.Release_Dedicated|x64.ActiveCfg = Release|x64
		{57A498C9-A741-4DDF-8EFC-BFB9EB6B00E2}.Release|Win32.ActiveCfg = Release|Win32
		{57A498C9-A741-4DDF-8EFC-BFB9EB6B00E2}.Release|Win32.Build.0 = Release|Win32
		{57A498C9-A741-4DDF-8EFC-BFB9EB6B00E2}.Release|x64.ActiveCfg = Release|x64
		{57A498C9-A741-4DDF-8EFC-BFB9EB6B00E2}.Release|x64.Build.0 = Release|x64
		{57A498C9-A741-4DDF-8EFC-BFB9EB6B00E2}.tsmp_client|Win32.ActiveCfg = tsmp_client|Win32
		{57A498C9-A741-4DDF-8EFC-BFB9EB6B00E2}.tsmp_client|Win32.Build.0 = tsmp_client|Win32
		{57A498C9-A741-4DDF-8EFC-BFB9EB6B00E2}.tsmp_client|x64.ActiveCfg = tsmp_client|x64
		{57A498C9-A741-4DDF-8EFC-BFB9EB6B00E2}.tsmp_client|x64.Build.0 = tsmp_client|x64
		{57A498C9-A741-4DDF-8EFC-BFB9EB6B00E2}.tsmp_tools|Win32.ActiveCfg = tools|Win32
		{57A498C9-A741-4DDF-8EFC-BFB9EB6B00E2}.tsmp_tools|x64.ActiveCfg = tools|x64
		{57A498C9-A741-4DDF-8EFC-BFB9EB6B00E2}.tsmp_tools|x64.Build.0 = tools|x64
		{963BA4E5-499A-454D-B002-1D5ECE0527A6}.Debug|Win32.ActiveCfg = Debug|Win32
		{963BA4E5-499A-454D-B002-1D5ECE0527A6}.Debug|Win32.Build.0 = Debug|Win32
		{963BA4E5-499A-454D-B002-1D5ECE0527A6}.Debug|x64.ActiveCfg = Debug|x64
		{963BA4E5-499A-454D-B002-1D5ECE0527A6}.Debug|x64.Build.0 = Debug|x64
		{963BA4E5-499A-454D-B002-1D5ECE0527A6}.Release_Dedicated|Win32.ActiveCfg = Release|Win32
		{963BA4E5-499A-454D-B002-1D5ECE0527A6}.Release_Dedicated|x64.ActiveCfg = Release|x64
		{963BA4E5-499A-454D-B002-1D5ECE0527A6}.Release|Win32.ActiveCfg = Release|Win32
		{963BA4E5-499A-454D-B002-1D5ECE0527A6}.Release|Win32.Build.0 = Release|Win32
		{963BA4E5-499A-454D-B002-1D5ECE0527A6}.Release|x64.ActiveCfg = Release|x64
		{963BA4E5-499A-454D-B002-1D5ECE0527A6}.Release|x64.Build.0 = Release|x64
		{963BA4E5-499A-454D-B002-1D5ECE0527A6}.tsmp_client|Win32.ActiveCfg = tsmp_client|Win32
		{963BA4E5-499A-454D-B002-1D5ECE0527A6}.tsmp_client|Win32.Build.0 = tsmp_client|Win32
		{963BA4E5-499A-454D-B002-1D5ECE0527A6}.tsmp_client|x64.ActiveCfg = tsmp_client|x64
		{963BA4E5-499A-454D-B002-1D5ECE0527A6}.tsmp_client|x64.Build.0 = tsmp_client|x64
		{963BA4E5-499A-454D-B002-1D5ECE0527A6}.tsmp_tools|Win32.ActiveCfg = tools|Win32
		{963BA4E5-499A-454D-B002-1D5ECE0527A6}.tsmp_tools|x64.ActiveCfg = tools|x64
		{963BA4E5-499A-454D-B002-1D5ECE0527A6}.tsmp_tools|x64.Build.0 = tools|x64
		{94A1C366-3D19-48E6-8170-4ADC2E70DF98}.Debug|Win32.ActiveCfg = Debug|Win32
		{94A1C366-3D19-48E6-8170-4ADC2E70DF98}.Debug|Win32.Build.0 = Debug|Win32
		{94A1C366-3D19-48E6-8170-4ADC2E70DF98}.Debug|x64.ActiveCfg = Debug|x64
		{94A1C366-3D19-48E6-8170-4ADC2E70DF98}.Debug|x64.Build.0 = Debug|x64
		{94A1C366-3D19-48E6-8170-4ADC2E70DF98}.Release_Dedicated|Win32.ActiveCfg = Release|Win32
		{94A1C366-3D19-48E6-8170-4ADC2E70DF98}.Release_Dedicated|x64.ActiveCfg = Release|x64
		{94A1C366-3D19-48E6-8170-4ADC2E70DF98}.Release|Win32.ActiveCfg = Release|Win32
		{94A1C366-3D19-48E6-8170-4ADC2E70DF98}.Release|Win32.Build.0 = Release|Win32
		{94A1C366-3D19-48E6-8170-4ADC2E70DF98}.Release|x64.ActiveCfg = Release|x64
		{94A1C366-3D19-48E6-8170-4ADC2E70DF98}.Release|x64.Build.0 = Release|x64
		{94A1C366-3D19-48E6-8170-4ADC2E70DF98}.tsmp_client|Win32.ActiveCfg = tsmp_client|Win32
		{94A1C366-3D19-48E6-8170-4ADC2E70DF98}.tsmp_client|Win32.Build.0 = tsmp_client|Win32
		{94A1C366-3D19-48E6-8170-4ADC2E70DF98}.tsmp_client|x64.ActiveCfg = tsmp_client|x64
		{94A1C366-3D19-48E6-8170-4ADC2E70DF98}.tsmp_client|x64.Build.0 = tsmp_client|x64
		{94A1C366-3D19-48E6-8170-4ADC2E70DF98}.tsmp_tools|Win32.ActiveCfg = tools|Win32
		{94A1C366-3D19-48E6-8170-4ADC2E70DF98}.tsmp_tools|x64.ActiveCfg = tools|x64
		{94A1C366-3D19-48E6-8170-4ADC2E70DF98}.tsmp_tools|x64.Build.0 = tools|x64
		{1BF75FEB-87DD-486C-880B-227987D191C2}.Debug|Win32.ActiveCfg = Debug|Win32
		{1BF75FEB-87DD-486C-880B-227987D191C2}.Debug|Win32.Build.0 = Debug|Win32
		{1BF75FEB-87DD-486C-880B-227987D191C2}.Debug|x64.ActiveCfg = Debug|x64
		{1BF75FEB-87DD-486C-880B-227987D191C2}.Debug|x64.Build.0 = Debug|x64
		{1BF75FEB-87DD-486C-880B-227987D191C2}.Release_Dedicated|Win32.ActiveCfg = Release|Win32
		{1BF75FEB-87DD-486C-880B-227987D191C2}.Release_Dedicated|x64.ActiveCfg = Release|x64
		{1BF75FEB-87DD-486C-880B-227987D191C2}.Release|Win32.ActiveCfg = Release|Win32
		{1BF75FEB-87DD-486C-880B-227987D191C2}.Release|Win32.Build.0 = Release|Win32
		{1BF75FEB-87DD-486C-880B-227987D191C2}.Release|x64.ActiveCfg = Release|x64
		{1BF75FEB-87DD-486C-880B-227987D191C2}.Release|x64.Build.0 = Release|x64
		{1BF75FEB-87DD-486C-880B-227987D191C2}.tsmp_client|Win32.ActiveCfg = tsmp_client|Win32
		{1BF75FEB-87DD-486C-880B-227987D191C2}.tsmp_client|Win32.Build.0 = tsmp_client|Win32
		{1BF75FEB-87DD-486C-880B-227987D191C2}.tsmp_client|x64.ActiveCfg = tsmp_client|x64
		{1BF75FEB-87DD-486C-880B-227987D191C2}.tsmp_client|x64.Build.0 = tsmp_client|x64
		{1BF75FEB-87DD-486C-880B-227987D191C2}.tsmp_tools|Win32.ActiveCfg = tools|Win32
		{1BF75FEB-87DD-486C-880B-227987D191C2}.tsmp_tools|x64.ActiveCfg = tools|x64
		{1BF75FEB-87DD-486C-880B-227987D191C2}.tsmp_tools|x64.Build.0 = tools|x64
		{94A1C366-3D19-48E6-8170-4ADC2E70DF97}.Debug|Win32.ActiveCfg = Debug|Win32
		{94A1C366-3D19-48E6-8170-4ADC2E70DF97}.Debug|Win32.Build.0 = Debug|Win32
		{94A1C366-3D19-48E6-8170-4ADC2E70DF97}.Debug|x64.ActiveCfg = Debug|x64
		{94A1C366-3D19-48E6-8170-4ADC2E70DF97}.Debug|x64.Build.0 = Debug|x64
		{94A1C366-3D19-48E6-8170-4ADC2E70DF97}.Release_Dedicated|Win32.ActiveCfg = Release|Win32
		{94A1C366-3D19-48E6-8170-4ADC2E70DF97}.Release_Dedicated|x64.ActiveCfg = Release|x64
		{94A1C366-3D19-48E6-8170-4ADC2E70DF97}.Release|Win32.ActiveCfg = Release|Win32
		{94A1C366-3D19-48E6-8170-4ADC2E70DF97}.Release|Win32.Build.0 = Release|Win32
		{94A1C366-3D19-48E6-8170-4ADC2E70DF97}.Release|x64.ActiveCfg = Release|x64
		{94A1C366-3D19-48E6-8170-4ADC2E70DF97}.Release|x64.Build.0 = Release|x64
		{94A1C366-3D19-48E6-8170-4ADC2E70DF97}.tsmp_client|Win32.ActiveCfg = tsmp_client|Win32
		{94A1C366-3D19-48E6-8170-4ADC2E70DF97}.tsmp_client|Win32.Build.0 = tsmp_client|Win32
		{94A1C366-3D19-48E6-8170-4ADC2E70DF97}.tsmp_client|x64.ActiveCfg = tsmp_client|x64
		{94A1C366-3D19-48E6-8170-4ADC2E70DF97}.tsmp_client|x64.Build.0 = tsmp_client|x64
		{94A1C366-3D19-48E6-8170-4ADC2E70DF97}.tsmp_tools|Win32.ActiveCfg = tools|Win32
		{94A1C366-3D19-48E6-8170-4ADC2E70DF97}.tsmp_tools|x64.ActiveCfg = tools|x64
		{94A1C366-3D19-48E6-8170-4ADC2E70DF97}.tsmp_tools|x64.Build.0 = tools|x64
		{435BAC9A-B225-457D-AB40-C9BD0CC8838C}.Debug|Win32.ActiveCfg = Debug|Win32
		{435BAC9A-B225-457D-AB40-C9BD0CC8838C}.Debug|Win32.Build.0 = Debug|Win32
		{435BAC9A-B225-457D-AB40-C9BD0CC8838C}.Debug|x64.ActiveCfg = Debug|x64
		{435BAC9A-B225-457D-AB40-C9BD0CC8838C}.Debug|x64.Build.0 = Debug|x64
		{435BAC9A-B225-457D-AB40-C9BD0CC8838C}.Release_Dedicated|Win32.ActiveCfg = Release|Win32
		{435BAC9A-B225-457D-AB40-C9BD0CC8838C}.Release_Dedicated|x64.ActiveCfg = Release|x64
		{435BAC9A-B225-457D-AB40-C9BD0CC8838C}.Release|Win32.ActiveCfg = Release|Win32
		{435BAC9A-B225-457D-AB40-C9BD0CC8838C}.Release|Win32.Build.0 = Release|Win32
		{435BAC9A-B225-457D-AB40-C9BD0CC8838C}.Release|x64.ActiveCfg = Release|x64
		{435BAC9A-B225-457D-AB40-C9BD0CC8838C}.Release|x64.Build.0 = Release|x64
		{435BAC9A-B225-457D-AB40-C9BD0CC8838C}.tsmp_client|Win32.ActiveCfg = tsmp_client|Win32
		{435BAC9A-B225-457D-AB40-C9BD0CC8838C}.tsmp_client|Win32.Build.0 = tsmp_client|Win32
		{435BAC9A-B225-457D-AB40-C9BD0CC8838C}.tsmp_client|x64.ActiveCfg = tsmp_client|x64
		{435BAC9A-B225-457D-AB40-C9BD0CC8838C}.tsmp_client|x64.Build.0 = tsmp_client|x64
		{435BAC9A-B225-457D-AB40-C9BD0CC8838C}.tsmp_tools|Win32.ActiveCfg = tools|Win32
		{435BAC9A-B225-457D-AB40-C9BD0CC8838C}.tsmp_tools|x64.ActiveCfg = tools|x64
		{435BAC9A-B225-457D-AB40-C9BD0CC8838C}.tsmp_tools|x64.Build.0 = tools|x64
		{3AD26FD3-4F52-4E22-A4CF-AD4C49E74C61}.Debug|Win32.ActiveCfg = Debug|Win32
		{3AD26FD3-4F52-4E22-A4CF-AD4C49E74C61}.Debug|x64.ActiveCfg = Debug|x64
		{3AD26FD3-4F52-4E22-A4CF-AD4C49E74C61}.Release_Dedicated|Win32.ActiveCfg = Release|Win32
		{3AD26FD3-4F52-4E22-A4CF-AD4C49E74C61}.Release_Dedicated|x64.ActiveCfg = Release|Win32
		{3AD26FD3-4F52-4E22-A4CF-AD4C49E74C61}.Release|Win32.ActiveCfg = Release|Win32
		{3AD26FD3-4F52-4E22-A4CF-AD4C49E74C61}.Release|x64.ActiveCfg = Release|x64
		{3AD26FD3-4F52-4E22-A4CF-AD4C49E74C61}.tsmp_client|Win32.ActiveCfg = tsmp_client|Win32
		{3AD26FD3-4F52-4E22-A4CF-AD4C49E74C61}.tsmp_client|x64.ActiveCfg = tsmp_client|x64
		{3AD26FD3-4F52-4E22-A4CF-AD4C49E74C61}.tsmp_tools|Win32.ActiveCfg = tools|Win32
		{3AD26FD3-4F52-4E22-A4CF-AD4C49E74C61}.tsmp_tools|x64.ActiveCfg = tools|x64
		{EF76867B-6EB8-4DC0-A1D6-E964FAD6FC7B}.Debug|Win32.ActiveCfg = Debug|Win32
		{EF76867B-6EB8-4DC0-A1D6-E964FAD6FC7B}.Debug|Win32.Build.0 = Debug|Win32
		{EF76867B-6EB8-4DC0-A1D6-E964FAD6FC7B}.Debug|x64.ActiveCfg = Debug|x64
		{EF76867B-6EB8-4DC0-A1D6-E964FAD6FC7B}.Debug|x64.Build.0 = Debug|x64
		{EF76867B-6EB8-4DC0-A1D6-E964FAD6FC7B}.Release_Dedicated|Win32.ActiveCfg = Release|Win32
		{EF76867B-6EB8-4DC0-A1D6-E964FAD6FC7B}.Release_Dedicated|x64.ActiveCfg = Release|Win32
		{EF76867B-6EB8-4DC0-A1D6-E964FAD6FC7B}.Release|Win32.ActiveCfg = Release|Win32
		{EF76867B-6EB8-4DC0-A1D6-E964FAD6FC7B}.Release|Win32.Build.0 = Release|Win32
		{EF76867B-6EB8-4DC0-A1D6-E964FAD6FC7B}.Release|x64.ActiveCfg = Release|x64
		{EF76867B-6EB8-4DC0-A1D6-E964FAD6FC7B}.Release|x64.Build.0 = Release|x64
		{EF76867B-6EB8-4DC0-A1D6-E964FAD6FC7B}.tsmp_client|Win32.ActiveCfg = tsmp_client|Win32
		{EF76867B-6EB8-4DC0-A1D6-E964FAD6FC7B}.tsmp_client|x64.ActiveCfg = tsmp_client|x64
		{EF76867B-6EB8-4DC0-A1D6-E964FAD6FC7B}.tsmp_client|x64.Build.0 = tsmp_client|x64
		{EF76867B-6EB8-4DC0-A1D6-E964FAD6FC7B}.tsmp_tools|Win32.ActiveCfg = tools|Win32
		{EF76867B-6EB8-4DC0-A1D6-E964FAD6FC7B}.tsmp_tools|Win32.Build.0 = tools|Win32
		{EF76867B-6EB8-4DC0-A1D6-E964FAD6FC7B}.tsmp_tools|x64.ActiveCfg = tools|x64
		{EF76867B-6EB8-4DC0-A1D6-E964FAD6FC7B}.tsmp_tools|x64.Build.0 = tools|x64
		{EBF9B543-0830-4866-9B48-DC0740E87E8A}.Debug|Win32.ActiveCfg = Debug|Win32
		{EBF9B543-0830-4866-9B48-DC0740E87E8A}.Debug|Win32.Build.0 = Debug|Win32
		{EBF9B543-0830-4866-9B48-DC0740E87E8A}.Debug|x64.ActiveCfg = Debug|x64
		{EBF9B543-0830-4866-9B48-DC0740E87E8A}.Debug|x64.Build.0 = Debug|x64
		{EBF9B543-0830-4866-9B48-DC0740E87E8A}.Release_Dedicated|Win32.ActiveCfg = Release|Win32
		{EBF9B543-0830-4866-9B48-DC0740E87E8A}.Release_Dedicated|x64.ActiveCfg = Release|x64
		{EBF9B543-0830-4866-9B48-DC0740E87E8A}.Release|Win32.ActiveCfg = Release|Win32
		{EBF9B543-0830-4866-9B48-DC0740E87E8A}.Release|Win32.Build.0 = Release|Win32
		{EBF9B543-0830-4866-9B48-DC0740E87E8A}.Release|x64.ActiveCfg = Release|x64
		{EBF9B543-0830-4866-9B48-DC0740E87E8A}.Release|x64.Build.0 = Release|x64
		{EBF9B543-0830-4866-9B48-DC0740E87E8A}.tsmp_client|Win32.ActiveCfg = tsmp_client|Win32
		{EBF9B543-0830-4866-9B48-DC0740E87E8A}.tsmp_client|x64.ActiveCfg = tsmp_client|x64
		{EBF9B543-0830-4866-9B48-DC0740E87E8A}.tsmp_client|x64.Build.0 = tsmp_client|x64
		{EBF9B543-0830-4866-9B48-DC0740E87E8A}.tsmp_tools|Win32.ActiveCfg = tools|Win32
		{EBF9B543-0830-4866-9B48-DC0740E87E8A}.tsmp_tools|Win32.Build.0 = tools|Win32
		{EBF9B543-0830-4866-9B48-DC0740E87E8A}.tsmp_tools|x64.ActiveCfg = tools|x64
		{EBF9B543-0830-4866-9B48-DC0740E87E8A}.tsmp_tools|x64.Build.0 = tools|x64
		{A4ABD75E-825B-4D09-B3B2-2709682E40C8}.Debug|Win32.ActiveCfg = Mixed|Win32
		{A4ABD75E-825B-4D09-B3B2-2709682E40C8}.Debug|Win32.Build.0 = Mixed|Win32
		{A4ABD75E-825B-4D09-B3B2-2709682E40C8}.Debug|x64.ActiveCfg = Mixed|x64
		{A4ABD75E-825B-4D09-B3B2-2709682E40C8}.Debug|x64.Build.0 = Mixed|x64
		{A4ABD75E-825B-4D09-B3B2-2709682E40C8}.Release_Dedicated|Win32.ActiveCfg = Release|Win32
		{A4ABD75E-825B-4D09-B3B2-2709682E40C8}.Release_Dedicated|x64.ActiveCfg = Release|Win32
		{A4ABD75E-825B-4D09-B3B2-2709682E40C8}.Release|Win32.ActiveCfg = Release|Win32
		{A4ABD75E-825B-4D09-B3B2-2709682E40C8}.Release|Win32.Build.0 = Release|Win32
		{A4ABD75E-825B-4D09-B3B2-2709682E40C8}.Release|x64.ActiveCfg = Release|x64
		{A4ABD75E-825B-4D09-B3B2-2709682E40C8}.Release|x64.Build.0 = Release|x64
		{A4ABD75E-825B-4D09-B3B2-2709682E40C8}.tsmp_client|Win32.ActiveCfg = tsmp_client|Win32
		{A4ABD75E-825B-4D09-B3B2-2709682E40C8}.tsmp_client|x64.ActiveCfg = tsmp_client|x64
		{A4ABD75E-825B-4D09-B3B2-2709682E40C8}.tsmp_client|x64.Build.0 = tsmp_client|x64
		{A4ABD75E-825B-4D09-B3B2-2709682E40C8}.tsmp_tools|Win32.ActiveCfg = tools|Win32
		{A4ABD75E-825B-4D09-B3B2-2709682E40C8}.tsmp_tools|Win32.Build.0 = tools|Win32
		{A4ABD75E-825B-4D09-B3B2-2709682E40C8}.tsmp_tools|x64.ActiveCfg = tools|x64
		{A4ABD75E-825B-4D09-B3B2-2709682E40C8}.tsmp_tools|x64.Build.0 = tools|x64
		{F1836CE2-59EF-4189-8B9C-D103A511CB27}.Debug|Win32.ActiveCfg = Debug|Win32
		{F1836CE2-59EF-4189-8B9C-D103A511CB27}.Debug|Win32.Build.0 = Debug|Win32
		{F1836CE2-59EF-4189-8B9C-D103A511CB27}.Debug|x64.ActiveCfg = Debug|x64
		{F1836CE2-59EF-4189-8B9C-D103A511CB27}.Debug|x64.Build.0 = Debug|x64
		{F1836CE2-59EF-4189-8B9C-D103A511CB27}.Release_Dedicated|Win32.ActiveCfg = Release|Win32
		{F1836CE2-59EF-4189-8B9C-D103A511CB27}.Release_Dedicated|x64.ActiveCfg = Release|x64
		{F1836CE2-59EF-4189-8B9C-D103A511CB27}.Release|Win32.ActiveCfg = Release|Win32
		{F1836CE2-59EF-4189-8B9C-D103A511CB27}.Release|Win32.Build.0 = Release|Win32
		{F1836CE2-59EF-4189-8B9C-D103A511CB27}.Release|x64.ActiveCfg = Release|x64
		{F1836CE2-59EF-4189-8B9C-D103A511CB27}.Release|x64.Build.0 = Release|x64
		{F1836CE2-59EF-4189-8B9C-D103A511CB27}.tsmp_client|Win32.ActiveCfg = tsmp_client|Win32
		{F1836CE2-59EF-4189-8B9C-D103A511CB27}.tsmp_client|Win32.Build.0 = tsmp_client|Win32
		{F1836CE2-59EF-4189-8B9C-D103A511CB27}.tsmp_client|x64.ActiveCfg = tsmp_client|x64
		{F1836CE2-59EF-4189-8B9C-D103A511CB27}.tsmp_client|x64.Build.0 = tsmp_client|x64
		{F1836CE2-59EF-4189-8B9C-D103A511CB27}.tsmp_tools|Win32.ActiveCfg = tools|Win32
		{F1836CE2-59EF-4189-8B9C-D103A511CB27}.tsmp_tools|Win32.Build.0 = tools|Win32
		{F1836CE2-59EF-4189-8B9C-D103A511CB27}.tsmp_tools|x64.ActiveCfg = tools|x64
		{F1836CE2-59EF-4189-8B9C-D103A511CB27}.tsmp_tools|x64.Build.0 = tools|x64
		{B730F54D-1199-481A-AAD0-5DB684E067C0}.Debug|Win32.ActiveCfg = Debug|Win32
		{B730F54D-1199-481A-AAD0-5DB684E067C0}.Debug|Win32.Build.0 = Debug|Win32
		{B730F54D-1199-481A-AAD0-5DB684E067C0}.Debug|x64.ActiveCfg = Debug|x64
		{B730F54D-1199-481A-AAD0-5DB684E067C0}.Debug|x64.Build.0 = Debug|x64
		{B730F54D-1199-481A-AAD0-5DB684E067C0}.Release_Dedicated|Win32.ActiveCfg = Release|Win32
		{B730F54D-1199-481A-AAD0-5DB684E067C0}.Release_Dedicated|x64.ActiveCfg = Release|Win32
		{B730F54D-1199-481A-AAD0-5DB684E067C0}.Release|Win32.ActiveCfg = Release|Win32
		{B730F54D-1199-481A-AAD0-5DB684E067C0}.Release|Win32.Build.0 = Release|Win32
		{B730F54D-1199-481A-AAD0-5DB684E067C0}.Release|x64.ActiveCfg = Release|x64
		{B730F54D-1199-481A-AAD0-5DB684E067C0}.Release|x64.Build.0 = Release|x64
		{B730F54D-1199-481A-AAD0-5DB684E067C0}.tsmp_client|Win32.ActiveCfg = tsmp_client|Win32
		{B730F54D-1199-481A-AAD0-5DB684E067C0}.tsmp_client|x64.ActiveCfg = tsmp_client|x64
		{B730F54D-1199-481A-AAD0-5DB684E067C0}.tsmp_client|x64.Build.0 = tsmp_client|x64
		{B730F54D-1199-481A-AAD0-5DB684E067C0}.tsmp_tools|Win32.ActiveCfg = tools|Win32
		{B730F54D-1199-481A-AAD0-5DB684E067C0}.tsmp_tools|Win32.Build.0 = tools|Win32
		{B730F54D-1199-481A-AAD0-5DB684E067C0}.tsmp_tools|x64.ActiveCfg = tools|x64
		{B730F54D-1199-481A-AAD0-5DB684E067C0}.tsmp_tools|x64.Build.0 = tools|x64
		{EA5932F3-02FE-4AD3-89E8-7072DC465D25}.Debug|Win32.ActiveCfg = Debug|Win32
		{EA5932F3-02FE-4AD3-89E8-7072DC465D25}.Debug|x64.ActiveCfg = Debug|x64
		{EA5932F3-02FE-4AD3-89E8-7072DC465D25}.Release_Dedicated|Win32.ActiveCfg = Release|Win32
		{EA5932F3-02FE-4AD3-89E8-7072DC465D25}.Release_Dedicated|x64.ActiveCfg = Release|Win32
		{EA5932F3-02FE-4AD3-89E8-7072DC465D25}.Release|Win32.ActiveCfg = Release|Win32
		{EA5932F3-02FE-4AD3-89E8-7072DC465D25}.Release|x64.ActiveCfg = Release|x64
		{EA5932F3-02FE-4AD3-89E8-7072DC465D25}.tsmp_client|Win32.ActiveCfg = tsmp_client|Win32
		{EA5932F3-02FE-4AD3-89E8-7072DC465D25}.tsmp_client|x64.ActiveCfg = tsmp_client|x64
		{EA5932F3-02FE-4AD3-89E8-7072DC465D25}.tsmp_tools|Win32.ActiveCfg = tools|Win32
		{EA5932F3-02FE-4AD3-89E8-7072DC465D25}.tsmp_tools|x64.ActiveCfg = tools|x64
		{65CBB9D0-FBC6-41A4-8316-F5E9B5D7FB33}.Debug|Win32.ActiveCfg = Debug|Win32
		{65CBB9D0-FBC6-41A4-8316-F5E9B5D7FB33}.Debug|Win32.Build.0 = Debug|Win32
		{65CBB9D0-FBC6-41A4-8316-F5E9B5D7FB33}.Debug|x64.ActiveCfg = Debug|x64
		{65CBB9D0-FBC6-41A4-8316-F5E9B5D7FB33}.Debug|x64.Build.0 = Debug|x64
		{65CBB9D0-FBC6-41A4-8316-F5E9B5D7FB33}.Release_Dedicated|Win32.ActiveCfg = Release|Win32
		{65CBB9D0-FBC6-41A4-8316-F5E9B5D7FB33}.Release_Dedicated|x64.ActiveCfg = Release|x64
		{65CBB9D0-FBC6-41A4-8316-F5E9B5D7FB33}.Release|Win32.ActiveCfg = Release|Win32
		{65CBB9D0-FBC6-41A4-8316-F5E9B5D7FB33}.Release|Win32.Build.0 = Release|Win32
		{65CBB9D0-FBC6-41A4-8316-F5E9B5D7FB33}.Release|x64.ActiveCfg = Release|x64
		{65CBB9D0-FBC6-41A4-8316-F5E9B5D7FB33}.Release|x64.Build.0 = Release|x64
		{65CBB9D0-FBC6-41A4-8316-F5E9B5D7FB33}.tsmp_client|Win32.ActiveCfg = tsmp_client|Win32
		{65CBB9D0-FBC6-41A4-8316-F5E9B5D7FB33}.tsmp_client|x64.ActiveCfg = tsmp_client|x64
		{65CBB9D0-FBC6-41A4-8316-F5E9B5D7FB33}.tsmp_client|x64.Build.0 = tsmp_client|x64
		{65CBB9D0-FBC6-41A4-8316-F5E9B5D7FB33}.tsmp_tools|Win32.ActiveCfg = tools|Win32
		{65CBB9D0-FBC6-41A4-8316-F5E9B5D7FB33}.tsmp_tools|Win32.Build.0 = tools|Win32
		{65CBB9D0-FBC6-41A4-8316-F5E9B5D7FB33}.tsmp_tools|x64.ActiveCfg = tools|x64
		{65CBB9D0-FBC6-41A4-8316-F5E9B5D7FB33}.tsmp_tools|x64.Build.0 = tools|x64
		{AF9ACB0D-451A-4878-A04C-0B9E221CC705}.Debug|Win32.ActiveCfg = Debug|Win32
		{AF9ACB0D-451A-4878-A04C-0B9E221CC705}.Debug|Win32.Build.0 = Debug|Win32
		{AF9ACB0D-451A-4878-A04C-0B9E221CC705}.Debug|x64.ActiveCfg = Debug|x64
		{AF9ACB0D-451A-4878-A04C-0B9E221CC705}.Debug|x64.Build.0 = Debug|x64
		{AF9ACB0D-451A-4878-A04C-0B9E221CC705}.Release_Dedicated|Win32.ActiveCfg = Release|Win32
		{AF9ACB0D-451A-4878-A04C-0B9E221CC705}.Release_Dedicated|x64.ActiveCfg = Release|Win32
		{AF9ACB0D-451A-4878-A04C-0B9E221CC705}.Release|Win32.ActiveCfg = Release|Win32
		{AF9ACB0D-451A-4878-A04C-0B9E221CC705}.Release|x64.ActiveCfg = Release|Win32
		{AF9ACB0D-451A-4878-A04C-0B9E221CC705}.Release|x64.Build.0 = Release|Win32
		{AF9ACB0D-451A-4878-A04C-0B9E221CC705}.tsmp_client|Win32.ActiveCfg = tsmp_client|Win32
		{AF9ACB0D-451A-4878-A04C-0B9E221CC705}.tsmp_client|x64.ActiveCfg = tsmp_client|x64
		{AF9ACB0D-451A-4878-A04C-0B9E221CC705}.tsmp_tools|Win32.ActiveCfg = tools|Win32
		{AF9ACB0D-451A-4878-A04C-0B9E221CC705}.tsmp_tools|x64.ActiveCfg = tools|x64
		{2EA2CBBA-16BD-4B97-80B3-3F824CFBD4F1}.Debug|Win32.ActiveCfg = Debug|Win32
		{2EA2CBBA-16BD-4B97-80B3-3F824CFBD4F1}.Debug|Win32.Build.0 = Debug|Win32
		{2EA2CBBA-16BD-4B97-80B3-3F824CFBD4F1}.Debug|x64.ActiveCfg = Debug|x64
		{2EA2CBBA-16BD-4B97-80B3-3F824CFBD4F1}.Debug|x64.Build.0 = Debug|x64
		{2EA2CBBA-16BD-4B97-80B3-3F824CFBD4F1}.Release_Dedicated|Win32.ActiveCfg = Release|Win32
		{2EA2CBBA-16BD-4B97-80B3-3F824CFBD4F1}.Release_Dedicated|x64.ActiveCfg = Release|Win32
		{2EA2CBBA-16BD-4B97-80B3-3F824CFBD4F1}.Release|Win32.ActiveCfg = Release|Win32
		{2EA2CBBA-16BD-4B97-80B3-3F824CFBD4F1}.Release|Win32.Build.0 = Release|Win32
		{2EA2CBBA-16BD-4B97-80B3-3F824CFBD4F1}.Release|x64.ActiveCfg = Release|Win32
		{2EA2CBBA-16BD-4B97-80B3-3F824CFBD4F1}.Release|x64.Build.0 = Release|Win32
		{2EA2CBBA-16BD-4B97-80B3-3F824CFBD4F1}.tsmp_client|Win32.ActiveCfg = tsmp_client|Win32
		{2EA2CBBA-16BD-4B97-80B3-3F824CFBD4F1}.tsmp_client|x64.ActiveCfg = tsmp_client|x64
		{2EA2CBBA-16BD-4B97-80B3-3F824CFBD4F1}.tsmp_client|x64.Build.0 = tsmp_client|x64
		{2EA2CBBA-16BD-4B97-80B3-3F824CFBD4F1}.tsmp_tools|Win32.ActiveCfg = tools|Win32
		{2EA2CBBA-16BD-4B97-80B3-3F824CFBD4F1}.tsmp_tools|Win32.Build.0 = tools|Win32
		{2EA2CBBA-16BD-4B97-80B3-3F824CFBD4F1}.tsmp_tools|x64.ActiveCfg = tools|x64
		{2EA2CBBA-16BD-4B97-80B3-3F824CFBD4F1}.tsmp_tools|x64.Build.0 = tools|x64
		{9ACE5473-6D68-4B96-AC42-B39EABA0FE1F}.Debug|Win32.ActiveCfg = Debug|Win32
		{9ACE5473-6D68-4B96-AC42-B39EABA0FE1F}.Debug|Win32.Build.0 = Debug|Win32
		{9ACE5473-6D68-4B96-AC42-B39EABA0FE1F}.Debug|x64.ActiveCfg = Debug|x64
		{9ACE5473-6D68-4B96-AC42-B39EABA0FE1F}.Debug|x64.Build.0 = Debug|x64
		{9ACE5473-6D68-4B96-AC42-B39EABA0FE1F}.Release_Dedicated|Win32.ActiveCfg = Release|Win32
		{9ACE5473-6D68-4B96-AC42-B39EABA0FE1F}.Release_Dedicated|x64.ActiveCfg = Release|x64
		{9ACE5473-6D68-4B96-AC42-B39EABA0FE1F}.Release|Win32.ActiveCfg = Release|Win32
		{9ACE5473-6D68-4B96-AC42-B39EABA0FE1F}.Release|Win32.Build.0 = Release|Win32
		{9ACE5473-6D68-4B96-AC42-B39EABA0FE1F}.Release|x64.ActiveCfg = Release|x64
		{9ACE5473-6D68-4B96-AC42-B39EABA0FE1F}.Release|x64.Build.0 = Release|x64
		{9ACE5473-6D68-4B96-AC42-B39EABA0FE1F}.tsmp_client|Win32.ActiveCfg = tsmp_client|Win32
		{9ACE5473-6D68-4B96-AC42-B39EABA0FE1F}.tsmp_client|Win32.Build.0 = tsmp_client|Win32
		{9ACE5473-6D68-4B96-AC42-B39EABA0FE1F}.tsmp_client|x64.ActiveCfg = tsmp_client|x64
		{9ACE5473-6D68-4B96-AC42-B39EABA0FE1F}.tsmp_client|x64.Build.0 = tsmp_client|x64
		{9ACE5473-6D68-4B96-AC42-B39EABA0FE1F}.tsmp_tools|Win32.ActiveCfg = tools|Win32
		{9ACE5473-6D68-4B96-AC42-B39EABA0FE1F}.tsmp_tools|x64.ActiveCfg = tools|x64
		{9ACE5473-6D68-4B96-AC42-B39EABA0FE1F}.tsmp_tools|x64.Build.0 = tools|x64
		{566551F4-4EF1-4CB4-A131-F982E7606907}.Debug|Win32.ActiveCfg = Debug|Win32
		{566551F4-4EF1-4CB4-A131-F982E7606907}.Debug|Win32.Build.0 = Debug|Win32
		{566551F4-4EF1-4CB4-A131-F982E7606907}.Debug|x64.ActiveCfg = Debug|x64
		{566551F4-4EF1-4CB4-A131-F982E7606907}.Debug|x64.Build.0 = Debug|x64
		{566551F4-4EF1-4CB4-A131-F982E7606907}.Release_Dedicated|Win32.ActiveCfg = Release|Win32
		{566551F4-4EF1-4CB4-A131-F982E7606907}.Release_Dedicated|x64.ActiveCfg = Release|x64
		{566551F4-4EF1-4CB4-A131-F982E7606907}.Release|Win32.ActiveCfg = Release|Win32
		{566551F4-4EF1-4CB4-A131-F982E7606907}.Release|Win32.Build.0 = Release|Win32
		{566551F4-4EF1-4CB4-A131-F982E7606907}.Release|x64.ActiveCfg = Release|x64
		{566551F4-4EF1-4CB4-A131-F982E7606907}.Release|x64.Build.0 = Release|x64
		{566551F4-4EF1-4CB4-A131-F982E7606907}.tsmp_client|Win32.ActiveCfg = tsmp_client|Win32
		{566551F4-4EF1-4CB4-A131-F982E7606907}.tsmp_client|Win32.Build.0 = tsmp_client|Win32
		{566551F4-4EF1-4CB4-A131-F982E7606907}.tsmp_client|x64.ActiveCfg = tsmp_client|x64
		{566551F4-4EF1-4CB4-A131-F982E7606907}.tsmp_client|x64.Build.0 = tsmp_client|x64
		{566551F4-4EF1-4CB4-A131-F982E7606907}.tsmp_tools|Win32.ActiveCfg = tools|Win32
		{566551F4-4EF1-4CB4-A131-F982E7606907}.tsmp_tools|x64.ActiveCfg = tools|x64
		{566551F4-4EF1-4CB4-A131-F982E7606907}.tsmp_tools|x64.Build.0 = tools|x64
		{F1066EAC-EE25-4C7A-9023-5957A6F7BA27}.Debug|Win32.ActiveCfg = Debug|Win32
		{F1066EAC-EE25-4C7A-9023-5957A6F7BA27}.Debug|Win32.Build.0 = Debug|Win32
		{F1066EAC-EE25-4C7A-9023-5957A6F7BA27}.Debug|x64.ActiveCfg = Debug|Win32
		{F1066EAC-EE25-4C7A-9023-5957A6F7BA27}.Release_Dedicated|Win32.ActiveCfg = Release|Win32
		{F1066EAC-EE25-4C7A-9023-5957A6F7BA27}.Release_Dedicated|Win32.Build.0 = Release|Win32
		{F1066EAC-EE25-4C7A-9023-5957A6F7BA27}.Release_Dedicated|x64.ActiveCfg = Release|Win32
		{F1066EAC-EE25-4C7A-9023-5957A6F7BA27}.Release_Dedicated|x64.Build.0 = Release|Win32
		{F1066EAC-EE25-4C7A-9023-5957A6F7BA27}.Release|Win32.ActiveCfg = Release|Win32
		{F1066EAC-EE25-4C7A-9023-5957A6F7BA27}.Release|Win32.Build.0 = Release|Win32
		{F1066EAC-EE25-4C7A-9023-5957A6F7BA27}.Release|x64.ActiveCfg = Release|Win32
		{F1066EAC-EE25-4C7A-9023-5957A6F7BA27}.Release|x64.Build.0 = Release|Win32
		{F1066EAC-EE25-4C7A-9023-5957A6F7BA27}.tsmp_client|Win32.ActiveCfg = tsmp_client|Win32
		{F1066EAC-EE25-4C7A-9023-5957A6F7BA27}.tsmp_client|x64.ActiveCfg = tsmp_client|Win32
		{F1066EAC-EE25-4C7A-9023-5957A6F7BA27}.tsmp_tools|Win32.ActiveCfg = tools|Win32
		{F1066EAC-EE25-4C7A-9023-5957A6F7BA27}.tsmp_tools|Win32.Build.0 = tools|Win32
		{F1066EAC-EE25-4C7A-9023-5957A6F7BA27}.tsmp_tools|x64.ActiveCfg = tools|Win32
		{A6EBBBBB-5FEF-4C20-8460-DFAB11734DED}.Debug|Win32.ActiveCfg = Debug|Win32
		{A6EBBBBB-5FEF-4C20-8460-DFAB11734DED}.Debug|Win32.Build.0 = Debug|Win32
		{A6EBBBBB-5FEF-4C20-8460-DFAB11734DED}.Debug|x64.ActiveCfg = Debug|x64
		{A6EBBBBB-5FEF-4C20-8460-DFAB11734DED}.Debug|x64.Build.0 = Debug|x64
		{A6EBBBBB-5FEF-4C20-8460-DFAB11734DED}.Release_Dedicated|Win32.ActiveCfg = Release|Win32
		{A6EBBBBB-5FEF-4C20-8460-DFAB11734DED}.Release_Dedicated|Win32.Build.0 = Release|Win32
		{A6EBBBBB-5FEF-4C20-8460-DFAB11734DED}.Release_Dedicated|x64.ActiveCfg = Release|x64
		{A6EBBBBB-5FEF-4C20-8460-DFAB11734DED}.Release_Dedicated|x64.Build.0 = Release|x64
		{A6EBBBBB-5FEF-4C20-8460-DFAB11734DED}.Release|Win32.ActiveCfg = Release|Win32
		{A6EBBBBB-5FEF-4C20-8460-DFAB11734DED}.Release|Win32.Build.0 = Release|Win32
		{A6EBBBBB-5FEF-4C20-8460-DFAB11734DED}.Release|x64.ActiveCfg = Release|x64
		{A6EBBBBB-5FEF-4C20-8460-DFAB11734DED}.Release|x64.Build.0 = Release|x64
		{A6EBBBBB-5FEF-4C20-8460-DFAB11734DED}.tsmp_client|Win32.ActiveCfg = tsmp_client|Win32
		{A6EBBBBB-5FEF-4C20-8460-DFAB11734DED}.tsmp_client|x64.ActiveCfg = tsmp_client|x64
		{A6EBBBBB-5FEF-4C20-8460-DFAB11734DED}.tsmp_client|x64.Build.0 = tsmp_client|x64
		{A6EBBBBB-5FEF-4C20-8460-DFAB11734DED}.tsmp_tools|Win32.ActiveCfg = tools|Win32
		{A6EBBBBB-5FEF-4C20-8460-DFAB11734DED}.tsmp_tools|x64.ActiveCfg = tools|x64
		{A6EBBBBB-5FEF-4C20-8460-DFAB11734DED}.tsmp_tools|x64.Build.0 = tools|x64
		{3A214E06-B95E-4D61-A291-1F8DF2EC10FD}.Debug|Win32.ActiveCfg = Debug|Win32
		{3A214E06-B95E-4D61-A291-1F8DF2EC10FD}.Debug|Win32.Build.0 = Debug|Win32
		{3A214E06-B95E-4D61-A291-1F8DF2EC10FD}.Debug|x64.ActiveCfg = Debug|x64
		{3A214E06-B95E-4D61-A291-1F8DF2EC10FD}.Debug|x64.Build.0 = Debug|x64
		{3A214E06-B95E-4D61-A291-1F8DF2EC10FD}.Release_Dedicated|Win32.ActiveCfg = Release|Win32
		{3A214E06-B95E-4D61-A291-1F8DF2EC10FD}.Release_Dedicated|x64.ActiveCfg = Release|x64
		{3A214E06-B95E-4D61-A291-1F8DF2EC10FD}.Release_Dedicated|x64.Build.0 = Release|x64
		{3A214E06-B95E-4D61-A291-1F8DF2EC10FD}.Release|Win32.ActiveCfg = Release|Win32
		{3A214E06-B95E-4D61-A291-1F8DF2EC10FD}.Release|Win32.Build.0 = Release|Win32
		{3A214E06-B95E-4D61-A291-1F8DF2EC10FD}.Release|x64.ActiveCfg = Release|x64
		{3A214E06-B95E-4D61-A291-1F8DF2EC10FD}.Release|x64.Build.0 = Release|x64
		{3A214E06-B95E-4D61-A291-1F8DF2EC10FD}.tsmp_client|Win32.ActiveCfg = tsmp_client|Win32
		{3A214E06-B95E-4D61-A291-1F8DF2EC10FD}.tsmp_client|Win32.Build.0 = tsmp_client|Win32
		{3A214E06-B95E-4D61-A291-1F8DF2EC10FD}.tsmp_client|x64.ActiveCfg = tsmp_client|x64
		{3A214E06-B95E-4D61-A291-1F8DF2EC10FD}.tsmp_client|x64.Build.0 = tsmp_client|x64
		{3A214E06-B95E-4D61-A291-1F8DF2EC10FD}.tsmp_tools|Win32.ActiveCfg = tools|Win32
		{3A214E06-B95E-4D61-A291-1F8DF2EC10FD}.tsmp_tools|Win32.Build.0 = tools|Win32
		{3A214E06-B95E-4D61-A291-1F8DF2EC10FD}.tsmp_tools|x64.ActiveCfg = tools|x64
		{3A214E06-B95E-4D61-A291-1F8DF2EC10FD}.tsmp_tools|x64.Build.0 = tools|x64
		{CEBDE98B-A6AA-46E6-BC79-FAAF823DB9EC}.Debug|Win32.ActiveCfg = Debug|Win32
		{CEBDE98B-A6AA-46E6-BC79-FAAF823DB9EC}.Debug|Win32.Build.0 = Debug|Win32
		{CEBDE98B-A6AA-46E6-BC79-FAAF823DB9EC}.Debug|x64.ActiveCfg = Debug|x64
		{CEBDE98B-A6AA-46E6-BC79-FAAF823DB9EC}.Debug|x64.Build.0 = Debug|x64
		{CEBDE98B-A6AA-46E6-BC79-FAAF823DB9EC}.Release_Dedicated|Win32.ActiveCfg = Release|Win32
		{CEBDE98B-A6AA-46E6-BC79-FAAF823DB9EC}.Release_Dedicated|x64.ActiveCfg = Release|x64
		{CEBDE98B-A6AA-46E6-BC79-FAAF823DB9EC}.Release_Dedicated|x64.Build.0 = Release|x64
		{CEBDE98B-A6AA-46E6-BC79-FAAF823DB9EC}.Release|Win32.ActiveCfg = Release|Win32
		{CEBDE98B-A6AA-46E6-BC79-FAAF823DB9EC}.Release|Win32.Build.0 = Release|Win32
		{CEBDE98B-A6AA-46E6-BC79-FAAF823DB9EC}.Release|x64.ActiveCfg = Release|x64
		{CEBDE98B-A6AA-46E6-BC79-FAAF823DB9EC}.Release|x64.Build.0 = Release|x64
		{CEBDE98B-A6AA-46E6-BC79-FAAF823DB9EC}.tsmp_client|Win32.ActiveCfg = tsmp_client|Win32
		{CEBDE98B-A6AA-46E6-BC79-FAAF823DB9EC}.tsmp_client|Win32.Build.0 = tsmp_client|Win32
		{CEBDE98B-A6AA-46E6-BC79-FAAF823DB9EC}.tsmp_client|x64.ActiveCfg = tsmp_client|x64
		{CEBDE98B-A6AA-46E6-BC79-FAAF823DB9EC}.tsmp_client|x64.Build.0 = tsmp_client|x64
		{CEBDE98B-A6AA-46E6-BC79-FAAF823DB9EC}.tsmp_tools|Win32.ActiveCfg = tools|Win32
		{CEBDE98B-A6AA-46E6-BC79-FAAF823DB9EC}.tsmp_tools|Win32.Build.0 = tools|Win32
		{CEBDE98B-A6AA-46E6-BC79-FAAF823DB9EC}.tsmp_tools|x64.ActiveCfg = tools|x64
		{CEBDE98B-A6AA-46E6-BC79-FAAF823DB9EC}.tsmp_tools|x64.Build.0 = tools|x64
		{15CBFEFF-7965-41F5-B4E2-21E8795C9159}.Debug|Win32.ActiveCfg = Debug|Win32
		{15CBFEFF-7965-41F5-B4E2-21E8795C9159}.Debug|Win32.Build.0 = Debug|Win32
		{15CBFEFF-7965-41F5-B4E2-21E8795C9159}.Debug|x64.ActiveCfg = Debug|x64
		{15CBFEFF-7965-41F5-B4E2-21E8795C9159}.Debug|x64.Build.0 = Debug|x64
		{15CBFEFF-7965-41F5-B4E2-21E8795C9159}.Release_Dedicated|Win32.ActiveCfg = Release|Win32
		{15CBFEFF-7965-41F5-B4E2-21E8795C9159}.Release_Dedicated|x64.ActiveCfg = Release|x64
		{15CBFEFF-7965-41F5-B4E2-21E8795C9159}.Release_Dedicated|x64.Build.0 = Release|x64
		{15CBFEFF-7965-41F5-B4E2-21E8795C9159}.Release|Win32.ActiveCfg = Release|Win32
		{15CBFEFF-7965-41F5-B4E2-21E8795C9159}.Release|Win32.Build.0 = Release|Win32
		{15CBFEFF-7965-41F5-B4E2-21E8795C9159}.Release|x64.ActiveCfg = Release|x64
		{15CBFEFF-7965-41F5-B4E2-21E8795C9159}.Release|x64.Build.0 = Release|x64
		{15CBFEFF-7965-41F5-B4E2-21E8795C9159}.tsmp_client|Win32.ActiveCfg = tsmp_client|Win32
		{15CBFEFF-7965-41F5-B4E2-21E8795C9159}.tsmp_client|Win32.Build.0 = tsmp_client|Win32
		{15CBFEFF-7965-41F5-B4E2-21E8795C9159}.tsmp_client|x64.ActiveCfg = tsmp_client|x64
		{15CBFEFF-7965-41F5-B4E2-21E8795C9159}.tsmp_client|x64.Build.0 = tsmp_client|x64
		{15CBFEFF-7965-41F5-B4E2-21E8795C9159}.tsmp_tools|Win32.ActiveCfg = tools|Win32
		{15CBFEFF-7965-41F5-B4E2-21E8795C9159}.tsmp_tools|Win32.Build.0 = tools|Win32
		{15CBFEFF-7965-41F5-B4E2-21E8795C9159}.tsmp_tools|x64.ActiveCfg = tools|x64
		{15CBFEFF-7965-41F5-B4E2-21E8795C9159}.tsmp_tools|x64.Build.0 = tools|x64
		{BE4B091F-B59B-4C98-88B5-CD15A1E6CBAB}.Debug|Win32.ActiveCfg = Debug|Win32
		{BE4B091F-B59B-4C98-88B5-CD15A1E6CBAB}.Debug|Win32.Build.0 = Debug|Win32
		{BE4B091F-B59B-4C98-88B5-CD15A1E6CBAB}.Debug|x64.ActiveCfg = Debug|x64
		{BE4B091F-B59B-4C98-88B5-CD15A1E6CBAB}.Debug|x64.Build.0 = Debug|x64
		{BE4B091F-B59B-4C98-88B5-CD15A1E6CBAB}.Release_Dedicated|Win32.ActiveCfg = Release|Win32
		{BE4B091F-B59B-4C98-88B5-CD15A1E6CBAB}.Release_Dedicated|x64.ActiveCfg = Release|x64
		{BE4B091F-B59B-4C98-88B5-CD15A1E6CBAB}.Release_Dedicated|x64.Build.0 = Release|x64
		{BE4B091F-B59B-4C98-88B5-CD15A1E6CBAB}.Release|Win32.ActiveCfg = Release|Win32
		{BE4B091F-B59B-4C98-88B5-CD15A1E6CBAB}.Release|Win32.Build.0 = Release|Win32
		{BE4B091F-B59B-4C98-88B5-CD15A1E6CBAB}.Release|x64.ActiveCfg = Release|x64
		{BE4B091F-B59B-4C98-88B5-CD15A1E6CBAB}.Release|x64.Build.0 = Release|x64
		{BE4B091F-B59B-4C98-88B5-CD15A1E6CBAB}.tsmp_client|Win32.ActiveCfg = tsmp_client|Win32
		{BE4B091F-B59B-4C98-88B5-CD15A1E6CBAB}.tsmp_client|Win32.Build.0 = tsmp_client|Win32
		{BE4B091F-B59B-4C98-88B5-CD15A1E6CBAB}.tsmp_client|x64.ActiveCfg = tsmp_client|x64
		{BE4B091F-B59B-4C98-88B5-CD15A1E6CBAB}.tsmp_client|x64.Build.0 = tsmp_client|x64
		{BE4B091F-B59B-4C98-88B5-CD15A1E6CBAB}.tsmp_tools|Win32.ActiveCfg = tools|Win32
		{BE4B091F-B59B-4C98-88B5-CD15A1E6CBAB}.tsmp_tools|x64.ActiveCfg = tools|x64
		{BE4B091F-B59B-4C98-88B5-CD15A1E6CBAB}.tsmp_tools|x64.Build.0 = tools|x64
		{653F3841-3F26-49B9-AFCF-091DB4B67031}.Debug|Win32.ActiveCfg = Debug|Win32
		{653F3841-3F26-49B9-AFCF-091DB4B67031}.Debug|Win32.Build.0 = Debug|Win32
		{653F3841-3F26-49B9-AFCF-091DB4B67031}.Debug|x64.ActiveCfg = Debug|x64
		{653F3841-3F26-49B9-AFCF-091DB4B67031}.Debug|x64.Build.0 = Debug|x64
		{653F3841-3F26-49B9-AFCF-091DB4B67031}.Release_Dedicated|Win32.ActiveCfg = Release_SSE2|Win32
		{653F3841-3F26-49B9-AFCF-091DB4B67031}.Release_Dedicated|x64.ActiveCfg = Release_SSE2|x64
		{653F3841-3F26-49B9-AFCF-091DB4B67031}.Release_Dedicated|x64.Build.0 = Release_SSE2|x64
		{653F3841-3F26-49B9-AFCF-091DB4B67031}.Release|Win32.ActiveCfg = Release|Win32
		{653F3841-3F26-49B9-AFCF-091DB4B67031}.Release|Win32.Build.0 = Release|Win32
		{653F3841-3F26-49B9-AFCF-091DB4B67031}.Release|x64.ActiveCfg = Release|x64
		{653F3841-3F26-49B9-AFCF-091DB4B67031}.Release|x64.Build.0 = Release|x64
		{653F3841-3F26-49B9-AFCF-091DB4B67031}.tsmp_client|Win32.ActiveCfg = tsmp_client|Win32
		{653F3841-3F26-49B9-AFCF-091DB4B67031}.tsmp_client|Win32.Build.0 = tsmp_client|Win32
		{653F3841-3F26-49B9-AFCF-091DB4B67031}.tsmp_client|x64.ActiveCfg = tsmp_client|x64
		{653F3841-3F26-49B9-AFCF-091DB4B67031}.tsmp_client|x64.Build.0 = tsmp_client|x64
		{653F3841-3F26-49B9-AFCF-091DB4B67031}.tsmp_tools|Win32.ActiveCfg = tools|Win32
		{653F3841-3F26-49B9-AFCF-091DB4B67031}.tsmp_tools|Win32.Build.0 = tools|Win32
		{653F3841-3F26-49B9-AFCF-091DB4B67031}.tsmp_tools|x64.ActiveCfg = tools|x64
		{653F3841-3F26-49B9-AFCF-091DB4B67031}.tsmp_tools|x64.Build.0 = tools|x64
		{1AEB7681-57D8-48EE-813D-5C41CC38B647}.Debug|Win32.ActiveCfg = Debug|Win32
		{1AEB7681-57D8-48EE-813D-5C41CC38B647}.Debug|Win32.Build.0 = Debug|Win32
		{1AEB7681-57D8-48EE-813D-5C41CC38B647}.Debug|x64.ActiveCfg = Debug|x64
		{1AEB7681-57D8-48EE-813D-5C41CC38B647}.Debug|x64.Build.0 = Debug|x64
		{1AEB7681-57D8-48EE-813D-5C41CC38B647}.Release_Dedicated|Win32.ActiveCfg = Release|Win32
		{1AEB7681-57D8-48EE-813D-5C41CC38B647}.Release_Dedicated|Win32.Build.0 = Release|Win32
		{1AEB7681-57D8-48EE-813D-5C41CC38B647}.Release_Dedicated|x64.ActiveCfg = Release|x64
		{1AEB7681-57D8-48EE-813D-5C41CC38B647}.Release_Dedicated|x64.Build.0 = Release|x64
		{1AEB7681-57D8-48EE-813D-5C41CC38B647}.Release|Win32.ActiveCfg = Release|Win32
		{1AEB7681-57D8-48EE-813D-5C41CC38B647}.Release|Win32.Build.0 = Release|Win32
		{1AEB7681-57D8-48EE-813D-5C41CC38B647}.Release|x64.ActiveCfg = Release|x64
		{1AEB7681-57D8-48EE-813D-5C41CC38B647}.Release|x64.Build.0 = Release|x64
		{1AEB7681-57D8-48EE-813D-5C41CC38B647}.tsmp_client|Win32.ActiveCfg = tsmp_client|Win32
		{1AEB7681-57D8-48EE-813D-5C41CC38B647}.tsmp_client|x64.ActiveCfg = tsmp_client|x64
		{1AEB7681-57D8-48EE-813D-5C41CC38B647}.tsmp_client|x64.Build.0 = tsmp_client|x64
		{1AEB7681-57D8-48EE-813D-5C41CC38B647}.tsmp_tools|Win32.ActiveCfg = tools|Win32
		{1AEB7681-57D8-48EE-813D-5C41CC38B647}.tsmp_tools|Win32.Build.0 = tools|Win32
		{1AEB7681-57D8-48EE-813D-5C41CC38B647}.tsmp_tools|x64.ActiveCfg = tools|x64
		{1AEB7681-57D8-48EE-813D-5C41CC38B647}.tsmp_tools|x64.Build.0 = tools|x64
		{C33787E3-5564-4834-9FE3-A9020455A669}.Debug|Win32.ActiveCfg = Debug|Win32
		{C33787E3-5564-4834-9FE3-A9020455A669}.Debug|Win32.Build.0 = Debug|Win32
		{C33787E3-5564-4834-9FE3-A9020455A669}.Debug|x64.ActiveCfg = Debug|x64
		{C33787E3-5564-4834-9FE3-A9020455A669}.Debug|x64.Build.0 = Debug|x64
		{C33787E3-5564-4834-9FE3-A9020455A669}.Release_Dedicated|Win32.ActiveCfg = Release|Win32
		{C33787E3-5564-4834-9FE3-A9020455A669}.Release_Dedicated|Win32.Build.0 = Release|Win32
		{C33787E3-5564-4834-9FE3-A9020455A669}.Release_Dedicated|x64.ActiveCfg = Release|x64
		{C33787E3-5564-4834-9FE3-A9020455A669}.Release_Dedicated|x64.Build.0 = Release|x64
		{C33787E3-5564-4834-9FE3-A9020455A669}.Release|Win32.ActiveCfg = Release|Win32
		{C33787E3-5564-4834-9FE3-A9020455A669}.Release|Win32.Build.0 = Release|Win32
		{C33787E3-5564-4834-9FE3-A9020455A669}.Release|x64.ActiveCfg = Release|x64
		{C33787E3-5564-4834-9FE3-A9020455A669}.Release|x64.Build.0 = Release|x64
		{C33787E3-5564-4834-9FE3-A9020455A669}.tsmp_client|Win32.ActiveCfg = tsmp_client|Win32
		{C33787E3-5564-4834-9FE3-A9020455A669}.tsmp_client|x64.ActiveCfg = tsmp_client|x64
		{C33787E3-5564-4834-9FE3-A9020455A669}.tsmp_client|x64.Build.0 = tsmp_client|x64
		{C33787E3-5564-4834-9FE3-A9020455A669}.tsmp_tools|Win32.ActiveCfg = tools|Win32
		{C33787E3-5564-4834-9FE3-A9020455A669}.tsmp_tools|Win32.Build.0 = tools|Win32
		{C33787E3-5564-4834-9FE3-A9020455A669}.tsmp_tools|x64.ActiveCfg = tools|x64
		{C33787E3-5564-4834-9FE3-A9020455A669}.tsmp_tools|x64.Build.0 = tools|x64
		{F974F34B-AF02-4C88-8E1E-85475094EA78}.Debug|Win32.ActiveCfg = Debug|Win32
		{F974F34B-AF02-4C88-8E1E-85475094EA78}.Debug|Win32.Build.0 = Debug|Win32
		{F974F34B-AF02-4C88-8E1E-85475094EA78}.Debug|x64.ActiveCfg = Debug|x64
		{F974F34B-AF02-4C88-8E1E-85475094EA78}.Debug|x64.Build.0 = Debug|x64
		{F974F34B-AF02-4C88-8E1E-85475094EA78}.Release_Dedicated|Win32.ActiveCfg = Release|Win32
		{F974F34B-AF02-4C88-8E1E-85475094EA78}.Release_Dedicated|Win32.Build.0 = Release|Win32
		{F974F34B-AF02-4C88-8E1E-85475094EA78}.Release_Dedicated|x64.ActiveCfg = Release|x64
		{F974F34B-AF02-4C88-8E1E-85475094EA78}.Release_Dedicated|x64.Build.0 = Release|x64
		{F974F34B-AF02-4C88-8E1E-85475094EA78}.Release|Win32.ActiveCfg = Release|Win32
		{F974F34B-AF02-4C88-8E1E-85475094EA78}.Release|Win32.Build.0 = Release|Win32
		{F974F34B-AF02-4C88-8E1E-85475094EA78}.Release|x64.ActiveCfg = Release|x64
		{F974F34B-AF02-4C88-8E1E-85475094EA78}.Release|x64.Build.0 = Release|x64
		{F974F34B-AF02-4C88-8E1E-85475094EA78}.tsmp_client|Win32.ActiveCfg = tsmp_client|Win32
		{F974F34B-AF02-4C88-8E1E-85475094EA78}.tsmp_client|x64.ActiveCfg = tsmp_client|x64
		{F974F34B-AF02-4C88-8E1E-85475094EA78}.tsmp_client|x64.Build.0 = tsmp_client|x64
		{F974F34B-AF02-4C88-8E1E-85475094EA78}.tsmp_tools|Win32.ActiveCfg = tools|Win32
		{F974F34B-AF02-4C88-8E1E-85475094EA78}.tsmp_tools|Win32.Build.0 = tools|Win32
		{F974F34B-AF02-4C88-8E1E-85475094EA78}.tsmp_tools|x64.ActiveCfg = tools|x64
		{F974F34B-AF02-4C88-8E1E-85475094EA78}.tsmp_tools|x64.Build.0 = tools|x64
		{F143D180-D4C4-4037-B3DE-BE89A21C8D1D}.Debug|Win32.ActiveCfg = Debug|Win32
		{F143D180-D4C4-4037-B3DE-BE89A21C8D1D}.Debug|Win32.Build.0 = Debug|Win32
		{F143D180-D4C4-4037-B3DE-BE89A21C8D1D}.Debug|x64.ActiveCfg = Debug|x64
		{F143D180-D4C4-4037-B3DE-BE89A21C8D1D}.Debug|x64.Build.0 = Debug|x64
		{F143D180-D4C4-4037-B3DE-BE89A21C8D1D}.Release_Dedicated|Win32.ActiveCfg = Release|Win32
		{F143D180-D4C4-4037-B3DE-BE89A21C8D1D}.Release_Dedicated|Win32.Build.0 = Release|Win32
		{F143D180-D4C4-4037-B3DE-BE89A21C8D1D}.Release_Dedicated|x64.ActiveCfg = Release|x64
		{F143D180-D4C4-4037-B3DE-BE89A21C8D1D}.Release_Dedicated|x64.Build.0 = Release|x64
		{F143D180-D4C4-4037-B3DE-BE89A21C8D1D}.Release|Win32.ActiveCfg = Release|Win32
		{F143D180-D4C4-4037-B3DE-BE89A21C8D1D}.Release|Win32.Build.0 = Release|Win32
		{F143D180-D4C4-4037-B3DE-BE89A21C8D1D}.Release|x64.ActiveCfg = Release|x64
		{F143D180-D4C4-4037-B3DE-BE89A21C8D1D}.Release|x64.Build.0 = Release|x64
		{F143D180-D4C4-4037-B3DE-BE89A21C8D1D}.tsmp_client|Win32.ActiveCfg = tsmp_client|Win32
		{F143D180-D4C4-4037-B3DE-BE89A21C8D1D}.tsmp_client|x64.ActiveCfg = tsmp_client|x64
		{F143D180-D4C4-4037-B3DE-BE89A21C8D1D}.tsmp_client|x64.Build.0 = tsmp_client|x64
		{F143D180-D4C4-4037-B3DE-BE89A21C8D1D}.tsmp_tools|Win32.ActiveCfg = tools|Win32
		{F143D180-D4C4-4037-B3DE-BE89A21C8D1D}.tsmp_tools|Win32.Build.0 = tools|Win32
		{F143D180-D4C4-4037-B3DE-BE89A21C8D1D}.tsmp_tools|x64.ActiveCfg = tools|x64
		{F143D180-D4C4-4037-B3DE-BE89A21C8D1D}.tsmp_tools|x64.Build.0 = tools|x64
		{4046F392-A18B-4C66-9639-3EABFFF5D531}.Debug|Win32.ActiveCfg = Debug|Win32
		{4046F392-A18B-4C66-9639-3EABFFF5D531}.Debug|Win32.Build.0 = Debug|Win32
		{4046F392-A18B-4C66-9639-3EABFFF5D531}.Debug|x64.ActiveCfg = Debug|x64
		{4046F392-A18B-4C66-9639-3EABFFF5D531}.Debug|x64.Build.0 = Debug|x64
		{4046F392-A18B-4C66-9639-3EABFFF5D531}.Release_Dedicated|Win32.ActiveCfg = Release|Win32
		{4046F392-A18B-4C66-9639-3EABFFF5D531}.Release_Dedicated|Win32.Build.0 = Release|Win32
		{4046F392-A18B-4C66-9639-3EABFFF5D531}.Release_Dedicated|x64.ActiveCfg = Release|x64
		{4046F392-A18B-4C66-9639-3EABFFF5D531}.Release_Dedicated|x64.Build.0 = Release|x64
		{4046F392-A18B-4C66-9639-3EABFFF5D531}.Release|Win32.ActiveCfg = Release|Win32
		{4046F392-A18B-4C66-9639-3EABFFF5D531}.Release|Win32.Build.0 = Release|Win32
		{4046F392-A18B-4C66-9639-3EABFFF5D531}.Release|x64.ActiveCfg = Release|x64
		{4046F392-A18B-4C66-9639-3EABFFF5D531}.Release|x64.Build.0 = Release|x64
		{4046F392-A18B-4C66-9639-3EABFFF5D531}.tsmp_client|Win32.ActiveCfg = tsmp_client|Win32
		{4046F392-A18B-4C66-9639-3EABFFF5D531}.tsmp_client|x64.ActiveCfg = tsmp_client|x64
		{4046F392-A18B-4C66-9639-3EABFFF5D531}.tsmp_client|x64.Build.0 = tsmp_client|x64
		{4046F392-A18B-4C66-9639-3EABFFF5D531}.tsmp_tools|Win32.ActiveCfg = tools|Win32
		{4046F392-A18B-4C66-9639-3EABFFF5D531}.tsmp_tools|Win32.Build.0 = tools|Win32
		{4046F392-A18B-4C66-9639-3EABFFF5D531}.tsmp_tools|x64.ActiveCfg = tools|x64
		{4046F392-A18B-4C66-9639-3EABFFF5D531}.tsmp_tools|x64.Build.0 = tools|x64
		{50C465FE-B308-42BC-894D-89484482AF06}.Debug|Win32.ActiveCfg = Debug|Win32
		{50C465FE-B308-42BC-894D-89484482AF06}.Debug|Win32.Build.0 = Debug|Win32
		{50C465FE-B308-42BC-894D-89484482AF06}.Debug|x64.ActiveCfg = Debug|x64
		{50C465FE-B308-42BC-894D-89484482AF06}.Debug|x64.Build.0 = Debug|x64
		{50C465FE-B308-42BC-894D-89484482AF06}.Release_Dedicated|Win32.ActiveCfg = Release|Win32
		{50C465FE-B308-42BC-894D-89484482AF06}.Release_Dedicated|Win32.Build.0 = Release|Win32
		{50C465FE-B308-42BC-894D-89484482AF06}.Release_Dedicated|x64.ActiveCfg = Release|x64
		{50C465FE-B308-42BC-894D-89484482AF06}.Release_Dedicated|x64.Build.0 = Release|x64
		{50C465FE-B308-42BC-894D-89484482AF06}.Release|Win32.ActiveCfg = Release|Win32
		{50C465FE-B308-42BC-894D-89484482AF06}.Release|Win32.Build.0 = Release|Win32
		{50C465FE-B308-42BC-894D-89484482AF06}.Release|x64.ActiveCfg = Release|x64
		{50C465FE-B308-42BC-894D-89484482AF06}.Release|x64.Build.0 = Release|x64
		{50C465FE-B308-42BC-894D-89484482AF06}.tsmp_client|Win32.ActiveCfg = tsmp_client|Win32
		{50C465FE-B308-42BC-894D-89484482AF06}.tsmp_client|x64.ActiveCfg = tsmp_client|x64
		{50C465FE-B308-42BC-894D-89484482AF06}.tsmp_client|x64.Build.0 = tsmp_client|x64
		{50C465FE-B308-42BC-894D-89484482AF06}.tsmp_tools|Win32.ActiveCfg = tools|Win32
		{50C465FE-B308-42BC-894D-89484482AF06}.tsmp_tools|Win32.Build.0 = tools|Win32
		{50C465FE-B308-42BC-894D-89484482AF06}.tsmp_tools|x64.ActiveCfg = tools|x64
		{50C465FE-B308-42BC-894D-89484482AF06}.tsmp_tools|x64.Build.0 = tools|x64
		{4CFD4876-A026-46C2-AFCF-FB11346E815D}.Debug|Win32.ActiveCfg = Debug|Win32
		{4CFD4876-A026-46C2-AFCF-FB11346E815D}.Debug|Win32.Build.0 = Debug|Win32
		{4CFD4876-A026-46C2-AFCF-FB11346E815D}.Debug|x64.ActiveCfg = Debug|x64
		{4CFD4876-A026-46C2-AFCF-FB11346E815D}.Debug|x64.Build.0 = Debug|x64
		{4CFD4876-A026-46C2-AFCF-FB11346E815D}.Release_Dedicated|Win32.ActiveCfg = Release|Win32
		{4CFD4876-A026-46C2-AFCF-FB11346E815D}.Release_Dedicated|Win32.Build.0 = Release|Win32
		{4CFD4876-A026-46C2-AFCF-FB11346E815D}.Release_Dedicated|x64.ActiveCfg = Release|x64
		{4CFD4876-A026-46C2-AFCF-FB11346E815D}.Release_Dedicated|x64.Build.0 = Release|x64
		{4CFD4876-A026-46C2-AFCF-FB11346E815D}.Release|Win32.ActiveCfg = Release|Win32
		{4CFD4876-A026-46C2-AFCF-FB11346E815D}.Release|Win32.Build.0 = Release|Win32
		{4CFD4876-A026-46C2-AFCF-FB11346E815D}.Release|x64.ActiveCfg = Release|x64
		{4CFD4876-A026-46C2-AFCF-FB11346E815D}.Release|x64.Build.0 = Release|x64
		{4CFD4876-A026-46C2-AFCF-FB11346E815D}.tsmp_client|Win32.ActiveCfg = tsmp_client|Win32
		{4CFD4876-A026-46C2-AFCF-FB11346E815D}.tsmp_client|x64.ActiveCfg = tsmp_client|x64
		{4CFD4876-A026-46C2-AFCF-FB11346E815D}.tsmp_client|x64.Build.0 = tsmp_client|x64
		{4CFD4876-A026-46C2-AFCF-FB11346E815D}.tsmp_tools|Win32.ActiveCfg = tools|Win32
		{4CFD4876-A026-46C2-AFCF-FB11346E815D}.tsmp_tools|Win32.Build.0 = tools|Win32
		{4CFD4876-A026-46C2-AFCF-FB11346E815D}.tsmp_tools|x64.ActiveCfg = tools|x64
		{4CFD4876-A026-46C2-AFCF-FB11346E815D}.tsmp_tools|x64.Build.0 = tools|x64
		{CE017322-01FC-4851-9C8B-64E9A8E26C38}.Debug|Win32.ActiveCfg = Debug|Win32
		{CE017322-01FC-4851-9C8B-64E9A8E26C38}.Debug|Win32.Build.0 = Debug|Win32
		{CE017322-01FC-4851-9C8B-64E9A8E26C38}.Debug|x64.ActiveCfg = Debug|x64
		{CE017322-01FC-4851-9C8B-64E9A8E26C38}.Debug|x64.Build.0 = Debug|x64
		{CE017322-01FC-4851-9C8B-64E9A8E26C38}.Release_Dedicated|Win32.ActiveCfg = Release|Win32
		{CE017322-01FC-4851-9C8B-64E9A8E26C38}.Release_Dedicated|Win32.Build.0 = Release|Win32
		{CE017322-01FC-4851-9C8B-64E9A8E26C38}.Release_Dedicated|x64.ActiveCfg = Release|x64
		{CE017322-01FC-4851-9C8B-64E9A8E26C38}.Release_Dedicated|x64.Build.0 = Release|x64
		{CE017322-01FC-4851-9C8B-64E9A8E26C38}.Release|Win32.ActiveCfg = Release|Win32
		{CE017322-01FC-4851-9C8B-64E9A8E26C38}.Release|Win32.Build.0 = Release|Win32
		{CE017322-01FC-4851-9C8B-64E9A8E26C38}.Release|x64.ActiveCfg = Release|x64
		{CE017322-01FC-4851-9C8B-64E9A8E26C38}.Release|x64.Build.0 = Release|x64
		{CE017322-01FC-4851-9C8B-64E9A8E26C38}.tsmp_client|Win32.ActiveCfg = tsmp_client|Win32
		{CE017322-01FC-4851-9C8B-64E9A8E26C38}.tsmp_client|x64.ActiveCfg = tsmp_client|x64
		{CE017322-01FC-4851-9C8B-64E9A8E26C38}.tsmp_client|x64.Build.0 = tsmp_client|x64
		{CE017322-01FC-4851-9C8B-64E9A8E26C38}.tsmp_tools|Win32.ActiveCfg = tools|Win32
		{CE017322-01FC-4851-9C8B-64E9A8E26C38}.tsmp_tools|Win32.Build.0 = tools|Win32
		{CE017322-01FC-4851-9C8B-64E9A8E26C38}.tsmp_tools|x64.ActiveCfg = tools|x64
		{CE017322-01FC-4851-9C8B-64E9A8E26C38}.tsmp_tools|x64.Build.0 = tools|x64
		{B39ED2B3-D53A-4077-B957-930979A3577D}.Debug|Win32.ActiveCfg = Debug|Win32
		{B39ED2B3-D53A-4077-B957-930979A3577D}.Debug|Win32.Build.0 = Debug|Win32
		{B39ED2B3-D53A-4077-B957-930979A3577D}.Debug|x64.ActiveCfg = Debug|x64
		{B39ED2B3-D53A-4077-B957-930979A3577D}.Debug|x64.Build.0 = Debug|x64
		{B39ED2B3-D53A-4077-B957-930979A3577D}.Release_Dedicated|Win32.ActiveCfg = Release|Win32
		{B39ED2B3-D53A-4077-B957-930979A3577D}.Release_Dedicated|Win32.Build.0 = Release|Win32
		{B39ED2B3-D53A-4077-B957-930979A3577D}.Release_Dedicated|x64.ActiveCfg = Release|x64
		{B39ED2B3-D53A-4077-B957-930979A3577D}.Release_Dedicated|x64.Build.0 = Release|x64
		{B39ED2B3-D53A-4077-B957-930979A3577D}.Release|Win32.ActiveCfg = Release|Win32
		{B39ED2B3-D53A-4077-B957-930979A3577D}.Release|Win32.Build.0 = Release|Win32
		{B39ED2B3-D53A-4077-B957-930979A3577D}.Release|x64.ActiveCfg = Release|x64
		{B39ED2B3-D53A-4077-B957-930979A3577D}.Release|x64.Build.0 = Release|x64
		{B39ED2B3-D53A-4077-B957-930979A3577D}.tsmp_client|Win32.ActiveCfg = tsmp_client|Win32
		{B39ED2B3-D53A-4077-B957-930979A3577D}.tsmp_client|x64.ActiveCfg = tsmp_client|x64
		{B39ED2B3-D53A-4077-B957-930979A3577D}.tsmp_client|x64.Build.0 = tsmp_client|x64
		{B39ED2B3-D53A-4077-B957-930979A3577D}.tsmp_tools|Win32.ActiveCfg = tools|Win32
		{B39ED2B3-D53A-4077-B957-930979A3577D}.tsmp_tools|Win32.Build.0 = tools|Win32
		{B39ED2B3-D53A-4077-B957-930979A3577D}.tsmp_tools|x64.ActiveCfg = tools|x64
		{B39ED2B3-D53A-4077-B957-930979A3577D}.tsmp_tools|x64.Build.0 = tools|x64
		{17A4874B-0606-4687-90B6-F91F8CB3B8AF}.Debug|Win32.ActiveCfg = Debug|Win32
		{17A4874B-0606-4687-90B6-F91F8CB3B8AF}.Debug|Win32.Build.0 = Debug|Win32
		{17A4874B-0606-4687-90B6-F91F8CB3B8AF}.Debug|x64.ActiveCfg = Debug|x64
		{17A4874B-0606-4687-90B6-F91F8CB3B8AF}.Debug|x64.Build.0 = Debug|x64
		{17A4874B-0606-4687-90B6-F91F8CB3B8AF}.Release_Dedicated|Win32.ActiveCfg = Release|Win32
		{17A4874B-0606-4687-90B6-F91F8CB3B8AF}.Release_Dedicated|Win32.Build.0 = Release|Win32
		{17A4874B-0606-4687-90B6-F91F8CB3B8AF}.Release_Dedicated|x64.ActiveCfg = Release|x64
		{17A4874B-0606-4687-90B6-F91F8CB3B8AF}.Release_Dedicated|x64.Build.0 = Release|x64
		{17A4874B-0606-4687-90B6-F91F8CB3B8AF}.Release|Win32.ActiveCfg = Release|Win32
		{17A4874B-0606-4687-90B6-F91F8CB3B8AF}.Release|Win32.Build.0 = Release|Win32
		{17A4874B-0606-4687-90B6-F91F8CB3B8AF}.Release|x64.ActiveCfg = Release|x64
		{17A4874B-0606-4687-90B6-F91F8CB3B8AF}.Release|x64.Build.0 = Release|x64
		{17A4874B-0606-4687-90B6-F91F8CB3B8AF}.tsmp_client|Win32.ActiveCfg = tsmp_client|Win32
		{17A4874B-0606-4687-90B6-F91F8CB3B8AF}.tsmp_client|x64.ActiveCfg = tsmp_client|x64
		{17A4874B-0606-4687-90B6-F91F8CB3B8AF}.tsmp_client|x64.Build.0 = tsmp_client|x64
		{17A4874B-0606-4687-90B6-F91F8CB3B8AF}.tsmp_tools|Win32.ActiveCfg = tools|Win32
		{17A4874B-0606-4687-90B6-F91F8CB3B8AF}.tsmp_tools|Win32.Build.0 = tools|Win32
		{17A4874B-0606-4687-90B6-F91F8CB3B8AF}.tsmp_tools|x64.ActiveCfg = tools|x64
		{17A4874B-0606-4687-90B6-F91F8CB3B8AF}.tsmp_tools|x64.Build.0 = tools|x64
		{07F662C1-1323-42AB-B6AF-FBFD34A7437A}.Debug|Win32.ActiveCfg = Debug|Win32
		{07F662C1-1323-42AB-B6AF-FBFD34A7437A}.Debug|Win32.Build.0 = Debug|Win32
		{07F662C1-1323-42AB-B6AF-FBFD34A7437A}.Debug|x64.ActiveCfg = Debug|x64
		{07F662C1-1323-42AB-B6AF-FBFD34A7437A}.Debug|x64.Build.0 = Debug|x64
		{07F662C1-1323-42AB-B6AF-FBFD34A7437A}.Release_Dedicated|Win32.ActiveCfg = Release|Win32
		{07F662C1-1323-42AB-B6AF-FBFD34A7437A}.Release_Dedicated|Win32.Build.0 = Release|Win32
		{07F662C1-1323-42AB-B6AF-FBFD34A7437A}.Release_Dedicated|x64.ActiveCfg = Release|x64
		{07F662C1-1323-42AB-B6AF-FBFD34A7437A}.Release_Dedicated|x64.Build.0 = Release|x64
		{07F662C1-1323-42AB-B6AF-FBFD34A7437A}.Release|Win32.ActiveCfg = Release|Win32
		{07F662C1-1323-42AB-B6AF-FBFD34A7437A}.Release|Win32.Build.0 = Release|Win32
		{07F662C1-1323-42AB-B6AF-FBFD34A7437A}.Release|x64.ActiveCfg = Release|x64
		{07F662C1-1323-42AB-B6AF-FBFD34A7437A}.Release|x64.Build.0 = Release|x64
		{07F662C1-1323-42AB-B6AF-FBFD34A7437A}.tsmp_client|Win32.ActiveCfg = tsmp_client|Win32
		{07F662C1-1323-42AB-B6AF-FBFD34A7437A}.tsmp_client|x64.ActiveCfg = tsmp_client|x64
		{07F662C1-1323-42AB-B6AF-FBFD34A7437A}.tsmp_client|x64.Build.0 = tsmp_client|x64
		{07F662C1-1323-42AB-B6AF-FBFD34A7437A}.tsmp_tools|Win32.ActiveCfg = tools|Win32
		{07F662C1-1323-42AB-B6AF-FBFD34A7437A}.tsmp_tools|Win32.Build.0 = tools|Win32
		{07F662C1-1323-42AB-B6AF-FBFD34A7437A}.tsmp_tools|x64.ActiveCfg = tools|x64
		{07F662C1-1323-42AB-B6AF-FBFD34A7437A}.tsmp_tools|x64.Build.0 = tools|x64
		{E3536C28-A7F1-4B53-8E52-7D2232F9E098}.Debug|Win32.ActiveCfg = Debug|Win32
		{E3536C28-A7F1-4B53-8E52-7D2232F9E098}.Debug|Win32.Build.0 = Debug|Win32
		{E3536C28-A7F1-4B53-8E52-7D2232F9E098}.Debug|x64.ActiveCfg = Debug|x64
		{E3536C28-A7F1-4B53-8E52-7D2232F9E098}.Debug|x64.Build.0 = Debug|x64
		{E3536C28-A7F1-4B53-8E52-7D2232F9E098}.Release_Dedicated|Win32.ActiveCfg = Release|Win32
		{E3536C28-A7F1-4B53-8E52-7D2232F9E098}.Release_Dedicated|Win32.Build.0 = Release|Win32
		{E3536C28-A7F1-4B53-8E52-7D2232F9E098}.Release_Dedicated|x64.ActiveCfg = Release|x64
		{E3536C28-A7F1-4B53-8E52-7D2232F9E098}.Release_Dedicated|x64.Build.0 = Release|x64
		{E3536C28-A7F1-4B53-8E52-7D2232F9E098}.Release|Win32.ActiveCfg = Release|Win32
		{E3536C28-A7F1-4B53-8E52-7D2232F9E098}.Release|Win32.Build.0 = Release|Win32
		{E3536C28-A7F1-4B53-8E52-7D2232F9E098}.Release|x64.ActiveCfg = Release|x64
		{E3536C28-A7F1-4B53-8E52-7D2232F9E098}.Release|x64.Build.0 = Release|x64
		{E3536C28-A7F1-4B53-8E52-7D2232F9E098}.tsmp_client|Win32.ActiveCfg = tsmp_client|Win32
		{E3536C28-A7F1-4B53-8E52-7D2232F9E098}.tsmp_client|x64.ActiveCfg = tsmp_client|x64
		{E3536C28-A7F1-4B53-8E52-7D2232F9E098}.tsmp_client|x64.Build.0 = tsmp_client|x64
		{E3536C28-A7F1-4B53-8E52-7D2232F9E098}.tsmp_tools|Win32.ActiveCfg = tools|Win32
		{E3536C28-A7F1-4B53-8E52-7D2232F9E098}.tsmp_tools|Win32.Build.0 = tools|Win32
		{E3536C28-A7F1-4B53-8E52-7D2232F9E098}.tsmp_tools|x64.ActiveCfg = tools|x64
		{E3536C28-A7F1-4B53-8E52-7D2232F9E098}.tsmp_tools|x64.Build.0 = tools|x64
		{5E1D4E5F-E10C-4BA3-B663-F33014FD21D9}.Debug|Win32.ActiveCfg = Debug|Win32
		{5E1D4E5F-E10C-4BA3-B663-F33014FD21D9}.Debug|Win32.Build.0 = Debug|Win32
		{5E1D4E5F-E10C-4BA3-B663-F33014FD21D9}.Debug|x64.ActiveCfg = Debug|x64
		{5E1D4E5F-E10C-4BA3-B663-F33014FD21D9}.Debug|x64.Build.0 = Debug|x64
		{5E1D4E5F-E10C-4BA3-B663-F33014FD21D9}.Release_Dedicated|Win32.ActiveCfg = Release|Win32
		{5E1D4E5F-E10C-4BA3-B663-F33014FD21D9}.Release_Dedicated|Win32.Build.0 = Release|Win32
		{5E1D4E5F-E10C-4BA3-B663-F33014FD21D9}.Release_Dedicated|x64.ActiveCfg = Release|x64
		{5E1D4E5F-E10C-4BA3-B663-F33014FD21D9}.Release_Dedicated|x64.Build.0 = Release|x64
		{5E1D4E5F-E10C-4BA3-B663-F33014FD21D9}.Release|Win32.ActiveCfg = Release|Win32
		{5E1D4E5F-E10C-4BA3-B663-F33014FD21D9}.Release|Win32.Build.0 = Release|Win32
		{5E1D4E5F-E10C-4BA3-B663-F33014FD21D9}.Release|x64.ActiveCfg = Release|x64
		{5E1D4E5F-E10C-4BA3-B663-F33014FD21D9}.Release|x64.Build.0 = Release|x64
		{5E1D4E5F-E10C-4BA3-B663-F33014FD21D9}.tsmp_client|Win32.ActiveCfg = tsmp_client|Win32
		{5E1D4E5F-E10C-4BA3-B663-F33014FD21D9}.tsmp_client|x64.ActiveCfg = tsmp_client|x64
		{5E1D4E5F-E10C-4BA3-B663-F33014FD21D9}.tsmp_client|x64.Build.0 = tsmp_client|x64
		{5E1D4E5F-E10C-4BA3-B663-F33014FD21D9}.tsmp_tools|Win32.ActiveCfg = tools|Win32
		{5E1D4E5F-E10C-4BA3-B663-F33014FD21D9}.tsmp_tools|Win32.Build.0 = tools|Win32
		{5E1D4E5F-E10C-4BA3-B663-F33014FD21D9}.tsmp_tools|x64.ActiveCfg = tools|x64
		{5E1D4E5F-E10C-4BA3-B663-F33014FD21D9}.tsmp_tools|x64.Build.0 = tools|x64
		{244455E0-5F25-4451-9540-F317883E52A8}.Debug|Win32.ActiveCfg = Debug|Win32
		{244455E0-5F25-4451-9540-F317883E52A8}.Debug|Win32.Build.0 = Debug|Win32
		{244455E0-5F25-4451-9540-F317883E52A8}.Debug|x64.ActiveCfg = Debug|x64
		{244455E0-5F25-4451-9540-F317883E52A8}.Debug|x64.Build.0 = Debug|x64
		{244455E0-5F25-4451-9540-F317883E52A8}.Release_Dedicated|Win32.ActiveCfg = Release|Win32
		{244455E0-5F25-4451-9540-F317883E52A8}.Release_Dedicated|Win32.Build.0 = Release|Win32
		{244455E0-5F25-4451-9540-F317883E52A8}.Release_Dedicated|x64.ActiveCfg = Release|x64
		{244455E0-5F25-4451-9540-F317883E52A8}.Release_Dedicated|x64.Build.0 = Release|x64
		{244455E0-5F25-4451-9540-F317883E52A8}.Release|Win32.ActiveCfg = Release|Win32
		{244455E0-5F25-4451-9540-F317883E52A8}.Release|Win32.Build.0 = Release|Win32
		{244455E0-5F25-4451-9540-F317883E52A8}.Release|x64.ActiveCfg = Release|x64
		{244455E0-5F25-4451-9540-F317883E52A8}.Release|x64.Build.0 = Release|x64
		{244455E0-5F25-4451-9540-F317883E52A8}.tsmp_client|Win32.ActiveCfg = tsmp_client|Win32
		{244455E0-5F25-4451-9540-F317883E52A8}.tsmp_client|x64.ActiveCfg = tsmp_client|x64
		{244455E0-5F25-4451-9540-F317883E52A8}.tsmp_client|x64.Build.0 = tsmp_client|x64
		{244455E0-5F25-4451-9540-F317883E52A8}.tsmp_tools|Win32.ActiveCfg = tools|Win32
		{244455E0-5F25-4451-9540-F317883E52A8}.tsmp_tools|Win32.Build.0 = tools|Win32
		{244455E0-5F25-4451-9540-F317883E52A8}.tsmp_tools|x64.ActiveCfg = tools|x64
		{244455E0-5F25-4451-9540-F317883E52A8}.tsmp_tools|x64.Build.0 = tools|x64
		{7DB10B50-CE00-4D7A-B322-6824F05D2FCB}.Debug|Win32.ActiveCfg = Debug|Win32
		{7DB10B50-CE00-4D7A-B322-6824F05D2FCB}.Debug|Win32.Build.0 = Debug|Win32
		{7DB10B50-CE00-4D7A-B322-6824F05D2FCB}.Debug|x64.ActiveCfg = Debug|x64
		{7DB10B50-CE00-4D7A-B322-6824F05D2FCB}.Debug|x64.Build.0 = Debug|x64
		{7DB10B50-CE00-4D7A-B322-6824F05D2FCB}.Release_Dedicated|Win32.ActiveCfg = Release|Win32
		{7DB10B50-CE00-4D7A-B322-6824F05D2FCB}.Release_Dedicated|Win32.Build.0 = Release|Win32
		{7DB10B50-CE00-4D7A-B322-6824F05D2FCB}.Release_Dedicated|x64.ActiveCfg = Release|x64
		{7DB10B50-CE00-4D7A-B322-6824F05D2FCB}.Release_Dedicated|x64.Build.0 = Release|x64
		{7DB10B50-CE00-4D7A-B322-6824F05D2FCB}.Release|Win32.ActiveCfg = Release|Win32
		{7DB10B50-CE00-4D7A-B322-6824F05D2FCB}.Release|Win32.Build.0 = Release|Win32
		{7DB10B50-CE00-4D7A-B322-6824F05D2FCB}.Release|x64.ActiveCfg = Release|x64
		{7DB10B50-CE00-4D7A-B322-6824F05D2FCB}.Release|x64.Build.0 = Release|x64
		{7DB10B50-CE00-4D7A-B322-6824F05D2FCB}.tsmp_client|Win32.ActiveCfg = tsmp_client|Win32
		{7DB10B50-CE00-4D7A-B322-6824F05D2FCB}.tsmp_client|x64.ActiveCfg = tsmp_client|x64
		{7DB10B50-CE00-4D7A-B322-6824F05D2FCB}.tsmp_client|x64.Build.0 = tsmp_client|x64
		{7DB10B50-CE00-4D7A-B322-6824F05D2FCB}.tsmp_tools|Win32.ActiveCfg = tools|Win32
		{7DB10B50-CE00-4D7A-B322-6824F05D2FCB}.tsmp_tools|Win32.Build.0 = tools|Win32
		{7DB10B50-CE00-4D7A-B322-6824F05D2FCB}.tsmp_tools|x64.ActiveCfg = tools|x64
		{7DB10B50-CE00-4D7A-B322-6824F05D2FCB}.tsmp_tools|x64.Build.0 = tools|x64
		{097D9F6C-FD0E-4CBC-9676-009012AAECA8}.Debug|Win32.ActiveCfg = Debug|Win32
		{097D9F6C-FD0E-4CBC-9676-009012AAECA8}.Debug|Win32.Build.0 = Debug|Win32
		{097D9F6C-FD0E-4CBC-9676-009012AAECA8}.Debug|x64.ActiveCfg = Debug|x64
		{097D9F6C-FD0E-4CBC-9676-009012AAECA8}.Debug|x64.Build.0 = Debug|x64
		{097D9F6C-FD0E-4CBC-9676-009012AAECA8}.Release_Dedicated|Win32.ActiveCfg = Release|Win32
		{097D9F6C-FD0E-4CBC-9676-009012AAECA8}.Release_Dedicated|Win32.Build.0 = Release|Win32
		{097D9F6C-FD0E-4CBC-9676-009012AAECA8}.Release_Dedicated|x64.ActiveCfg = Release|x64
		{097D9F6C-FD0E-4CBC-9676-009012AAECA8}.Release_Dedicated|x64.Build.0 = Release|x64
		{097D9F6C-FD0E-4CBC-9676-009012AAECA8}.Release|Win32.ActiveCfg = Release|Win32
		{097D9F6C-FD0E-4CBC-9676-009012AAECA8}.Release|Win32.Build.0 = Release|Win32
		{097D9F6C-FD0E-4CBC-9676-009012AAECA8}.Release|x64.ActiveCfg = Release|x64
		{097D9F6C-FD0E-4CBC-9676-009012AAECA8}.Release|x64.Build.0 = Release|x64
		{097D9F6C-FD0E-4CBC-9676-009012AAECA8}.tsmp_client|Win32.ActiveCfg = tsmp_client|Win32
		{097D9F6C-FD0E-4CBC-9676-009012AAECA8}.tsmp_client|x64.ActiveCfg = tsmp_client|x64
		{097D9F6C-FD0E-4CBC-9676-009012AAECA8}.tsmp_client|x64.Build.0 = tsmp_client|x64
		{097D9F6C-FD0E-4CBC-9676-009012AAECA8}.tsmp_tools|Win32.ActiveCfg = tools|Win32
		{097D9F6C-FD0E-4CBC-9676-009012AAECA8}.tsmp_tools|Win32.Build.0 = tools|Win32
		{097D9F6C-FD0E-4CBC-9676-009012AAECA8}.tsmp_tools|x64.ActiveCfg = tools|x64
		{097D9F6C-FD0E-4CBC-9676-009012AAECA8}.tsmp_tools|x64.Build.0 = tools|x64
		{EC085CBD-E9C3-477F-9A97-CB9D5DA30E27}.Debug|Win32.ActiveCfg = Debug|Win32
		{EC085CBD-E9C3-477F-9A97-CB9D5DA30E27}.Debug|Win32.Build.0 = Debug|Win32
		{EC085CBD-E9C3-477F-9A97-CB9D5DA30E27}.Debug|x64.ActiveCfg = Debug|x64
		{EC085CBD-E9C3-477F-9A97-CB9D5DA30E27}.Debug|x64.Build.0 = Debug|x64
		{EC085CBD-E9C3-477F-9A97-CB9D5DA30E27}.Release_Dedicated|Win32.ActiveCfg = Release|Win32
		{EC085CBD-E9C3-477F-9A97-CB9D5DA30E27}.Release_Dedicated|Win32.Build.0 = Release|Win32
		{EC085CBD-E9C3-477F-9A97-CB9D5DA30E27}.Release_Dedicated|x64.ActiveCfg = Release|x64
		{EC085CBD-E9C3-477F-9A97-CB9D5DA30E27}.Release_Dedicated|x64.Build.0 = Release|x64
		{EC085CBD-E9C3-477F-9A97-CB9D5DA30E27}.Release|Win32.ActiveCfg = Release|Win32
		{EC085CBD-E9C3-477F-9A97-CB9D5DA30E27}.Release|Win32.Build.0 = Release|Win32
		{EC085CBD-E9C3-477F-9A97-CB9D5DA30E27}.Release|x64.ActiveCfg = Release|x64
		{EC085CBD-E9C3-477F-9A97-CB9D5DA30E27}.Release|x64.Build.0 = Release|x64
		{EC085CBD-E9C3-477F-9A97-CB9D5DA30E27}.tsmp_client|Win32.ActiveCfg = tsmp_client|Win32
		{EC085CBD-E9C3-477F-9A97-CB9D5DA30E27}.tsmp_client|x64.ActiveCfg = tsmp_client|x64
		{EC085CBD-E9C3-477F-9A97-CB9D5DA30E27}.tsmp_client|x64.Build.0 = tsmp_client|x64
		{EC085CBD-E9C3-477F-9A97-CB9D5DA30E27}.tsmp_tools|Win32.ActiveCfg = tools|Win32
		{EC085CBD-E9C3-477F-9A97-CB9D5DA30E27}.tsmp_tools|Win32.Build.0 = tools|Win32
		{EC085CBD-E9C3-477F-9A97-CB9D5DA30E27}.tsmp_tools|x64.ActiveCfg = tools|x64
		{EC085CBD-E9C3-477F-9A97-CB9D5DA30E27}.tsmp_tools|x64.Build.0 = tools|x64
		{33134F61-C1AD-4B6F-9CEA-503A9F140C52}.Debug|Win32.ActiveCfg = Debug|Win32
		{33134F61-C1AD-4B6F-9CEA-503A9F140C52}.Debug|Win32.Build.0 = Debug|Win32
		{33134F61-C1AD-4B6F-9CEA-503A9F140C52}.Debug|x64.ActiveCfg = Debug|x64
		{33134F61-C1AD-4B6F-9CEA-503A9F140C52}.Debug|x64.Build.0 = Debug|x64
		{33134F61-C1AD-4B6F-9CEA-503A9F140C52}.Release_Dedicated|Win32.ActiveCfg = Release|Win32
		{33134F61-C1AD-4B6F-9CEA-503A9F140C52}.Release_Dedicated|Win32.Build.0 = Release|Win32
		{33134F61-C1AD-4B6F-9CEA-503A9F140C52}.Release_Dedicated|x64.ActiveCfg = Release|x64
		{33134F61-C1AD-4B6F-9CEA-503A9F140C52}.Release_Dedicated|x64.Build.0 = Release|x64
		{33134F61-C1AD-4B6F-9CEA-503A9F140C52}.Release|Win32.ActiveCfg = Release|Win32
		{33134F61-C1AD-4B6F-9CEA-503A9F140C52}.Release|Win32.Build.0 = Release|Win32
		{33134F61-C1AD-4B6F-9CEA-503A9F140C52}.Release|x64.ActiveCfg = Release|x64
		{33134F61-C1AD-4B6F-9CEA-503A9F140C52}.Release|x64.Build.0 = Release|x64
		{33134F61-C1AD-4B6F-9CEA-503A9F140C52}.tsmp_client|Win32.ActiveCfg = tsmp_client|Win32
		{33134F61-C1AD-4B6F-9CEA-503A9F140C52}.tsmp_client|x64.ActiveCfg = tsmp_client|x64
		{33134F61-C1AD-4B6F-9CEA-503A9F140C52}.tsmp_client|x64.Build.0 = tsmp_client|x64
		{33134F61-C1AD-4B6F-9CEA-503A9F140C52}.tsmp_tools|Win32.ActiveCfg = tools|Win32
		{33134F61-C1AD-4B6F-9CEA-503A9F140C52}.tsmp_tools|Win32.Build.0 = tools|Win32
		{33134F61-C1AD-4B6F-9CEA-503A9F140C52}.tsmp_tools|x64.ActiveCfg = tools|x64
		{33134F61-C1AD-4B6F-9CEA-503A9F140C52}.tsmp_tools|x64.Build.0 = tools|x64
		{08F2A75F-9374-4112-89A5-334F9D9F0332}.Debug|Win32.ActiveCfg = Debug|Win32
		{08F2A75F-9374-4112-89A5-334F9D9F0332}.Debug|Win32.Build.0 = Debug|Win32
		{08F2A75F-9374-4112-89A5-334F9D9F0332}.Debug|x64.ActiveCfg = Debug|x64
		{08F2A75F-9374-4112-89A5-334F9D9F0332}.Debug|x64.Build.0 = Debug|x64
		{08F2A75F-9374-4112-89A5-334F9D9F0332}.Release_Dedicated|Win32.ActiveCfg = Release|Win32
		{08F2A75F-9374-4112-89A5-334F9D9F0332}.Release_Dedicated|Win32.Build.0 = Release|Win32
		{08F2A75F-9374-4112-89A5-334F9D9F0332}.Release_Dedicated|x64.ActiveCfg = Release|x64
		{08F2A75F-9374-4112-89A5-334F9D9F0332}.Release_Dedicated|x64.Build.0 = Release|x64
		{08F2A75F-9374-4112-89A5-334F9D9F0332}.Release|Win32.ActiveCfg = Release|Win32
		{08F2A75F-9374-4112-89A5-334F9D9F0332}.Release|Win32.Build.0 = Release|Win32
		{08F2A75F-9374-4112-89A5-334F9D9F0332}.Release|x64.ActiveCfg = Release|x64
		{08F2A75F-9374-4112-89A5-334F9D9F0332}.Release|x64.Build.0 = Release|x64
		{08F2A75F-9374-4112-89A5-334F9D9F0332}.tsmp_client|Win32.ActiveCfg = tsmp_client|Win32
		{08F2A75F-9374-4112-89A5-334F9D9F0332}.tsmp_client|x64.ActiveCfg = tsmp_client|x64
		{08F2A75F-9374-4112-89A5-334F9D9F0332}.tsmp_client|x64.Build.0 = tsmp_client|x64
		{08F2A75F-9374-4112-89A5-334F9D9F0332}.tsmp_tools|Win32.ActiveCfg = tools|Win32
		{08F2A75F-9374-4112-89A5-334F9D9F0332}.tsmp_tools|Win32.Build.0 = tools|Win32
		{08F2A75F-9374-4112-89A5-334F9D9F0332}.tsmp_tools|x64.ActiveCfg = tools|x64
		{08F2A75F-9374-4112-89A5-334F9D9F0332}.tsmp_tools|x64.Build.0 = tools|x64
		{251A6DE4-30F3-43A4-8315-AB4E306BD58D}.Debug|Win32.ActiveCfg = Debug|Win32
		{251A6DE4-30F3-43A4-8315-AB4E306BD58D}.Debug|Win32.Build.0 = Debug|Win32
		{251A6DE4-30F3-43A4-8315-AB4E306BD58D}.Debug|x64.ActiveCfg = Debug|x64
		{251A6DE4-30F3-43A4-8315-AB4E306BD58D}.Debug|x64.Build.0 = Debug|x64
		{251A6DE4-30F3-43A4-8315-AB4E306BD58D}.Release_Dedicated|Win32.ActiveCfg = Release_UI|Win32
		{251A6DE4-30F3-43A4-8315-AB4E306BD58D}.Release_Dedicated|Win32.Build.0 = Release_UI|Win32
		{251A6DE4-30F3-43A4-8315-AB4E306BD58D}.Release_Dedicated|x64.ActiveCfg = Release_UI|x64
		{251A6DE4-30F3-43A4-8315-AB4E306BD58D}.Release_Dedicated|x64.Build.0 = Release_UI|x64
		{251A6DE4-30F3-43A4-8315-AB4E306BD58D}.Release|Win32.ActiveCfg = Release|Win32
		{251A6DE4-30F3-43A4-8315-AB4E306BD58D}.Release|Win32.Build.0 = Release|Win32
		{251A6DE4-30F3-43A4-8315-AB4E306BD58D}.Release|x64.ActiveCfg = Release|x64
		{251A6DE4-30F3-43A4-8315-AB4E306BD58D}.Release|x64.Build.0 = Release|x64
		{251A6DE4-30F3-43A4-8315-AB4E306BD58D}.tsmp_client|Win32.ActiveCfg = tsmp_client|Win32
		{251A6DE4-30F3-43A4-8315-AB4E306BD58D}.tsmp_client|x64.ActiveCfg = tsmp_client|x64
		{251A6DE4-30F3-43A4-8315-AB4E306BD58D}.tsmp_client|x64.Build.0 = tsmp_client|x64
		{251A6DE4-30F3-43A4-8315-AB4E306BD58D}.tsmp_tools|Win32.ActiveCfg = tools|Win32
		{251A6DE4-30F3-43A4-8315-AB4E306BD58D}.tsmp_tools|Win32.Build.0 = tools|Win32
		{251A6DE4-30F3-43A4-8315-AB4E306BD58D}.tsmp_tools|x64.ActiveCfg = tools|x64
		{251A6DE4-30F3-43A4-8315-AB4E306BD58D}.tsmp_tools|x64.Build.0 = tools|x64
		{938E23B7-2436-4ECC-B960-6894655447F1}.Debug|Win32.ActiveCfg = Debug|Win32
		{938E23B7-2436-4ECC-B960-6894655447F1}.Debug|Win32.Build.0 = Debug|Win32
		{938E23B7-2436-4ECC-B960-6894655447F1}.Debug|x64.ActiveCfg = Debug|x64
		{938E23B7-2436-4ECC-B960-6894655447F1}.Debug|x64.Build.0 = Debug|x64
		{938E23B7-2436-4ECC-B960-6894655447F1}.Release_Dedicated|Win32.ActiveCfg = Release_CUDA|Win32
		{938E23B7-2436-4ECC-B960-6894655447F1}.Release_Dedicated|Win32.Build.0 = Release_CUDA|Win32
		{938E23B7-2436-4ECC-B960-6894655447F1}.Release_Dedicated|x64.ActiveCfg = Release_CUDA|x64
		{938E23B7-2436-4ECC-B960-6894655447F1}.Release_Dedicated|x64.Build.0 = Release_CUDA|x64
		{938E23B7-2436-4ECC-B960-6894655447F1}.Release|Win32.ActiveCfg = Release|Win32
		{938E23B7-2436-4ECC-B960-6894655447F1}.Release|Win32.Build.0 = Release|Win32
		{938E23B7-2436-4ECC-B960-6894655447F1}.Release|x64.ActiveCfg = Release|x64
		{938E23B7-2436-4ECC-B960-6894655447F1}.Release|x64.Build.0 = Release|x64
		{938E23B7-2436-4ECC-B960-6894655447F1}.tsmp_client|Win32.ActiveCfg = tsmp_client|Win32
		{938E23B7-2436-4ECC-B960-6894655447F1}.tsmp_client|x64.ActiveCfg = tsmp_client|x64
		{938E23B7-2436-4ECC-B960-6894655447F1}.tsmp_client|x64.Build.0 = tsmp_client|x64
		{938E23B7-2436-4ECC-B960-6894655447F1}.tsmp_tools|Win32.ActiveCfg = tools|Win32
		{938E23B7-2436-4ECC-B960-6894655447F1}.tsmp_tools|Win32.Build.0 = tools|Win32
		{938E23B7-2436-4ECC-B960-6894655447F1}.tsmp_tools|x64.ActiveCfg = tools|x64
		{938E23B7-2436-4ECC-B960-6894655447F1}.tsmp_tools|x64.Build.0 = tools|x64
		{0899B131-F1D4-4876-9BA1-67AC821DB9E1}.Debug|Win32.ActiveCfg = Debug|Win32
		{0899B131-F1D4-4876-9BA1-67AC821DB9E1}.Debug|Win32.Build.0 = Debug|Win32
		{0899B131-F1D4-4876-9BA1-67AC821DB9E1}.Debug|x64.ActiveCfg = Debug|x64
		{0899B131-F1D4-4876-9BA1-67AC821DB9E1}.Debug|x64.Build.0 = Debug|x64
		{0899B131-F1D4-4876-9BA1-67AC821DB9E1}.Release_Dedicated|Win32.ActiveCfg = Release|Win32
		{0899B131-F1D4-4876-9BA1-67AC821DB9E1}.Release_Dedicated|Win32.Build.0 = Release|Win32
		{0899B131-F1D4-4876-9BA1-67AC821DB9E1}.Release_Dedicated|x64.ActiveCfg = Release|x64
		{0899B131-F1D4-4876-9BA1-67AC821DB9E1}.Release_Dedicated|x64.Build.0 = Release|x64
		{0899B131-F1D4-4876-9BA1-67AC821DB9E1}.Release|Win32.ActiveCfg = Release|Win32
		{0899B131-F1D4-4876-9BA1-67AC821DB9E1}.Release|Win32.Build.0 = Release|Win32
		{0899B131-F1D4-4876-9BA1-67AC821DB9E1}.Release|x64.ActiveCfg = Release|x64
		{0899B131-F1D4-4876-9BA1-67AC821DB9E1}.Release|x64.Build.0 = Release|x64
		{0899B131-F1D4-4876-9BA1-67AC821DB9E1}.tsmp_client|Win32.ActiveCfg = tsmp_client|Win32
		{0899B131-F1D4-4876-9BA1-67AC821DB9E1}.tsmp_client|Win32.Build.0 = tsmp_client|Win32
		{0899B131-F1D4-4876-9BA1-67AC821DB9E1}.tsmp_client|x64.ActiveCfg = tsmp_client|x64
		{0899B131-F1D4-4876-9BA1-67AC821DB9E1}.tsmp_client|x64.Build.0 = tsmp_client|x64
		{0899B131-F1D4-4876-9BA1-67AC821DB9E1}.tsmp_tools|Win32.ActiveCfg = tools|Win32
		{0899B131-F1D4-4876-9BA1-67AC821DB9E1}.tsmp_tools|x64.ActiveCfg = tools|x64
		{0899B131-F1D4-4876-9BA1-67AC821DB9E1}.tsmp_tools|x64.Build.0 = tools|x64
		{5535F6B4-7AE6-4B66-8AEA-CC31C14D7AB7}.Debug|Win32.ActiveCfg = Debug|Win32
		{5535F6B4-7AE6-4B66-8AEA-CC31C14D7AB7}.Debug|Win32.Build.0 = Debug|Win32
		{5535F6B4-7AE6-4B66-8AEA-CC31C14D7AB7}.Debug|x64.ActiveCfg = Debug|x64
		{5535F6B4-7AE6-4B66-8AEA-CC31C14D7AB7}.Debug|x64.Build.0 = Debug|x64
		{5535F6B4-7AE6-4B66-8AEA-CC31C14D7AB7}.Release_Dedicated|Win32.ActiveCfg = Release|Win32
		{5535F6B4-7AE6-4B66-8AEA-CC31C14D7AB7}.Release_Dedicated|Win32.Build.0 = Release|Win32
		{5535F6B4-7AE6-4B66-8AEA-CC31C14D7AB7}.Release_Dedicated|x64.ActiveCfg = Release|x64
		{5535F6B4-7AE6-4B66-8AEA-CC31C14D7AB7}.Release_Dedicated|x64.Build.0 = Release|x64
		{5535F6B4-7AE6-4B66-8AEA-CC31C14D7AB7}.Release|Win32.ActiveCfg = Release|Win32
		{5535F6B4-7AE6-4B66-8AEA-CC31C14D7AB7}.Release|Win32.Build.0 = Release|Win32
		{5535F6B4-7AE6-4B66-8AEA-CC31C14D7AB7}.Release|x64.ActiveCfg = Release|x64
		{5535F6B4-7AE6-4B66-8AEA-CC31C14D7AB7}.Release|x64.Build.0 = Release|x64
		{5535F6B4-7AE6-4B66-8AEA-CC31C14D7AB7}.tsmp_client|Win32.ActiveCfg = tsmp_client|Win32
		{5535F6B4-7AE6-4B66-8AEA-CC31C14D7AB7}.tsmp_client|Win32.Build.0 = tsmp_client|Win32
		{5535F6B4-7AE6-4B66-8AEA-CC31C14D7AB7}.tsmp_client|x64.ActiveCfg = tsmp_client|x64
		{5535F6B4-7AE6-4B66-8AEA-CC31C14D7AB7}.tsmp_client|x64.Build.0 = tsmp_client|x64
		{5535F6B4-7AE6-4B66-8AEA-CC31C14D7AB7}.tsmp_tools|Win32.ActiveCfg = tools|Win32
		{5535F6B4-7AE6-4B66-8AEA-CC31C14D7AB7}.tsmp_tools|x64.ActiveCfg = tools|x64
		{5535F6B4-7AE6-4B66-8AEA-CC31C14D7AB7}.tsmp_tools|x64.Build.0 = tools|x64
		{200652A6-043E-4634-8837-87983B3BD5E0}.Debug|Win32.ActiveCfg = Debug|Win32
		{200652A6-043E-4634-8837-87983B3BD5E0}.Debug|Win32.Build.0 = Debug|Win32
		{200652A6-043E-4634-8837-87983B3BD5E0}.Debug|x64.ActiveCfg = Debug|x64
		{200652A6-043E-4634-8837-87983B3BD5E0}.Debug|x64.Build.0 = Debug|x64
		{200652A6-043E-4634-8837-87983B3BD5E0}.Release_Dedicated|Win32.ActiveCfg = Release_Priquel|Win32
		{200652A6-043E-4634-8837-87983B3BD5E0}.Release_Dedicated|Win32.Build.0 = Release_Priquel|Win32
		{200652A6-043E-4634-8837-87983B3BD5E0}.Release_Dedicated|x64.ActiveCfg = Release_Priquel|x64
		{200652A6-043E-4634-8837-87983B3BD5E0}.Release_Dedicated|x64.Build.0 = Release_Priquel|x64
		{200652A6-043E-4634-8837-87983B3BD5E0}.Release|Win32.ActiveCfg = Release|Win32
		{200652A6-043E-4634-8837-87983B3BD5E0}.Release|Win32.Build.0 = Release|Win32
		{200652A6-043E-4634-8837-87983B3BD5E0}.Release|x64.ActiveCfg = Release|x64
		{200652A6-043E-4634-8837-87983B3BD5E0}.Release|x64.Build.0 = Release|x64
		{200652A6-043E-4634-8837-87983B3BD5E0}.tsmp_client|Win32.ActiveCfg = tsmp_client|Win32
		{200652A6-043E-4634-8837-87983B3BD5E0}.tsmp_client|Win32.Build.0 = tsmp_client|Win32
		{200652A6-043E-4634-8837-87983B3BD5E0}.tsmp_client|x64.ActiveCfg = tsmp_client|x64
		{200652A6-043E-4634-8837-87983B3BD5E0}.tsmp_client|x64.Build.0 = tsmp_client|x64
		{200652A6-043E-4634-8837-87983B3BD5E0}.tsmp_tools|Win32.ActiveCfg = tools|Win32
		{200652A6-043E-4634-8837-87983B3BD5E0}.tsmp_tools|x64.ActiveCfg = tools|x64
		{200652A6-043E-4634-8837-87983B3BD5E0}.tsmp_tools|x64.Build.0 = tools|x64
	EndGlobalSection
	GlobalSection(SolutionProperties) = preSolution
		HideSolutionNode = FALSE
	EndGlobalSection
	GlobalSection(NestedProjects) = preSolution
		{1BF75FEB-87DD-486C-880B-227987D191C2} = {8916C6C5-3414-4019-B405-D5A71C67F99A}
		{3AD26FD3-4F52-4E22-A4CF-AD4C49E74C61} = {89F6A7EE-3BBE-45D3-A8A8-5D9366CD987B}
		{EF76867B-6EB8-4DC0-A1D6-E964FAD6FC7B} = {89F6A7EE-3BBE-45D3-A8A8-5D9366CD987B}
		{EBF9B543-0830-4866-9B48-DC0740E87E8A} = {89F6A7EE-3BBE-45D3-A8A8-5D9366CD987B}
		{A4ABD75E-825B-4D09-B3B2-2709682E40C8} = {89F6A7EE-3BBE-45D3-A8A8-5D9366CD987B}
		{F1836CE2-59EF-4189-8B9C-D103A511CB27} = {89F6A7EE-3BBE-45D3-A8A8-5D9366CD987B}
		{B730F54D-1199-481A-AAD0-5DB684E067C0} = {89F6A7EE-3BBE-45D3-A8A8-5D9366CD987B}
		{EA5932F3-02FE-4AD3-89E8-7072DC465D25} = {89F6A7EE-3BBE-45D3-A8A8-5D9366CD987B}
		{65CBB9D0-FBC6-41A4-8316-F5E9B5D7FB33} = {89F6A7EE-3BBE-45D3-A8A8-5D9366CD987B}
		{AF9ACB0D-451A-4878-A04C-0B9E221CC705} = {89F6A7EE-3BBE-45D3-A8A8-5D9366CD987B}
		{2EA2CBBA-16BD-4B97-80B3-3F824CFBD4F1} = {89F6A7EE-3BBE-45D3-A8A8-5D9366CD987B}
		{566551F4-4EF1-4CB4-A131-F982E7606907} = {8916C6C5-3414-4019-B405-D5A71C67F99A}
		{F1066EAC-EE25-4C7A-9023-5957A6F7BA27} = {89F6A7EE-3BBE-45D3-A8A8-5D9366CD987B}
		{A6EBBBBB-5FEF-4C20-8460-DFAB11734DED} = {89F6A7EE-3BBE-45D3-A8A8-5D9366CD987B}
		{3A214E06-B95E-4D61-A291-1F8DF2EC10FD} = {8916C6C5-3414-4019-B405-D5A71C67F99A}
		{CEBDE98B-A6AA-46E6-BC79-FAAF823DB9EC} = {8916C6C5-3414-4019-B405-D5A71C67F99A}
		{15CBFEFF-7965-41F5-B4E2-21E8795C9159} = {8916C6C5-3414-4019-B405-D5A71C67F99A}
		{BE4B091F-B59B-4C98-88B5-CD15A1E6CBAB} = {8916C6C5-3414-4019-B405-D5A71C67F99A}
		{653F3841-3F26-49B9-AFCF-091DB4B67031} = {8916C6C5-3414-4019-B405-D5A71C67F99A}
		{1AEB7681-57D8-48EE-813D-5C41CC38B647} = {3220DE98-B20C-46F6-8196-D0900D9D9239}
		{3220DE98-B20C-46F6-8196-D0900D9D9239} = {8916C6C5-3414-4019-B405-D5A71C67F99A}
		{C33787E3-5564-4834-9FE3-A9020455A669} = {3220DE98-B20C-46F6-8196-D0900D9D9239}
		{F974F34B-AF02-4C88-8E1E-85475094EA78} = {3220DE98-B20C-46F6-8196-D0900D9D9239}
		{F143D180-D4C4-4037-B3DE-BE89A21C8D1D} = {3220DE98-B20C-46F6-8196-D0900D9D9239}
		{4046F392-A18B-4C66-9639-3EABFFF5D531} = {3220DE98-B20C-46F6-8196-D0900D9D9239}
		{50C465FE-B308-42BC-894D-89484482AF06} = {3220DE98-B20C-46F6-8196-D0900D9D9239}
		{4CFD4876-A026-46C2-AFCF-FB11346E815D} = {3220DE98-B20C-46F6-8196-D0900D9D9239}
		{CE017322-01FC-4851-9C8B-64E9A8E26C38} = {3220DE98-B20C-46F6-8196-D0900D9D9239}
		{FA812953-2D23-47A3-AEFE-CB0E786692ED} = {8916C6C5-3414-4019-B405-D5A71C67F99A}
		{B39ED2B3-D53A-4077-B957-930979A3577D} = {FA812953-2D23-47A3-AEFE-CB0E786692ED}
		{17A4874B-0606-4687-90B6-F91F8CB3B8AF} = {FA812953-2D23-47A3-AEFE-CB0E786692ED}
		{07F662C1-1323-42AB-B6AF-FBFD34A7437A} = {FA812953-2D23-47A3-AEFE-CB0E786692ED}
		{E3536C28-A7F1-4B53-8E52-7D2232F9E098} = {FA812953-2D23-47A3-AEFE-CB0E786692ED}
		{5E1D4E5F-E10C-4BA3-B663-F33014FD21D9} = {FA812953-2D23-47A3-AEFE-CB0E786692ED}
		{244455E0-5F25-4451-9540-F317883E52A8} = {FA812953-2D23-47A3-AEFE-CB0E786692ED}
		{7DB10B50-CE00-4D7A-B322-6824F05D2FCB} = {FA812953-2D23-47A3-AEFE-CB0E786692ED}
		{097D9F6C-FD0E-4CBC-9676-009012AAECA8} = {FA812953-2D23-47A3-AEFE-CB0E786692ED}
		{EC085CBD-E9C3-477F-9A97-CB9D5DA30E27} = {FA812953-2D23-47A3-AEFE-CB0E786692ED}
		{33134F61-C1AD-4B6F-9CEA-503A9F140C52} = {FA812953-2D23-47A3-AEFE-CB0E786692ED}
		{08F2A75F-9374-4112-89A5-334F9D9F0332} = {8916C6C5-3414-4019-B405-D5A71C67F99A}
		{251A6DE4-30F3-43A4-8315-AB4E306BD58D} = {89F6A7EE-3BBE-45D3-A8A8-5D9366CD987B}
		{938E23B7-2436-4ECC-B960-6894655447F1} = {8916C6C5-3414-4019-B405-D5A71C67F99A}
		{0899B131-F1D4-4876-9BA1-67AC821DB9E1} = {89F6A7EE-3BBE-45D3-A8A8-5D9366CD987B}
	EndGlobalSection
	GlobalSection(DPCodeReviewSolutionGUID) = preSolution
		DPCodeReviewSolutionGUID = {00000000-0000-0000-0000-000000000000}
	EndGlobalSection
EndGlobal
